
Microsoft Visual Studio Solution File, Format Version 12.00
Project("{2150E333-8FDC-42A3-9474-1A3956D46DE8}") = "src", "src", "{9C56C1FC-E865-4BA9-98C3-4564B99E6F99}"
EndProject
Project("{FAE04EC0-301F-11D3-BF4B-00C04F79EFBC}") = "HMS.Essentials.Core", "src\HMS.Essentials.Core\HMS.Essentials.Core.csproj", "{F9C90895-0398-4246-A0CA-525EC0589D6F}"
EndProject
Project("{FAE04EC0-301F-11D3-BF4B-00C04F79EFBC}") = "HMS.Essentials.Logging", "src\HMS.Essentials.Logging\HMS.Essentials.Logging.csproj", "{948D248C-2ADE-48A4-B5B0-EC95AF4DEE14}"
EndProject
Project("{FAE04EC0-301F-11D3-BF4B-00C04F79EFBC}") = "HMS.Essentials.Data", "src\HMS.Essentials.Data\HMS.Essentials.Data.csproj", "{5690BDCF-1E8D-4F18-8E4D-93108D70E596}"
EndProject
Project("{FAE04EC0-301F-11D3-BF4B-00C04F79EFBC}") = "HMS.Essentials.Demo", "src\HMS.Essentials.Demo\HMS.Essentials.Demo.csproj", "{48282DCA-1A39-4CD5-AA88-35C926EBA3B9}"
EndProject
Project("{2150E333-8FDC-42A3-9474-1A3956D46DE8}") = "test", "test", "{C2CF01BC-478A-4C2D-BBE8-10F22DCF0C54}"
EndProject
Project("{FAE04EC0-301F-11D3-BF4B-00C04F79EFBC}") = "HMS.Essentials.Core.Tests", "test\HMS.Essentials.Core.Tests\HMS.Essentials.Core.Tests.csproj", "{E98134E8-4C8F-41D8-A275-BC193B0B6BFC}"
EndProject
Project("{FAE04EC0-301F-11D3-BF4B-00C04F79EFBC}") = "HMS.Essentials.Data.Tests", "test\HMS.Essentials.Data.Tests\HMS.Essentials.Data.Tests.csproj", "{271CAAE3-256E-4633-9886-47995A57942E}"
EndProject
Project("{FAE04EC0-301F-11D3-BF4B-00C04F79EFBC}") = "HMS.Essentials.Logging.Tests", "test\HMS.Essentials.Logging.Tests\HMS.Essentials.Logging.Tests.csproj", "{1A7E8798-5ACB-4AE9-A4C1-7253C75647E2}"
EndProject
Project("{FAE04EC0-301F-11D3-BF4B-00C04F79EFBC}") = "HMS.Essentials.Ddd.Domain", "src\HMS.Essentials.Ddd.Domain\HMS.Essentials.Ddd.Domain.csproj", "{0FC64702-D3FF-405A-B7F6-09B37C42DA58}"
EndProject
Project("{FAE04EC0-301F-11D3-BF4B-00C04F79EFBC}") = "HMS.Essentials.Ddd.Domain.Shared", "src\HMS.Essentials.Ddd.Domain.Shared\HMS.Essentials.Ddd.Domain.Shared.csproj", "{851430EC-8363-4887-AA8E-184027F329F8}"
EndProject
Project("{FAE04EC0-301F-11D3-BF4B-00C04F79EFBC}") = "HMS.Essentials.Ddd.Domain.Tests", "test\HMS.Essentials.Ddd.Domain.Tests\HMS.Essentials.Ddd.Domain.Tests.csproj", "{2A49B426-68F9-4962-9AF4-2FA8CF42BDBA}"
EndProject
Project("{FAE04EC0-301F-11D3-BF4B-00C04F79EFBC}") = "HMS.Essentials.UnitOfWork.InMemoryDummy.Tests", "test\HMS.Essentials.UnitOfWork.InMemoryDummy.Tests\HMS.Essentials.UnitOfWork.InMemoryDummy.Tests.csproj", "{9C2D4E5F-6A7B-8C9D-0E1F-2A3B4C5D6E7F}"
EndProject
Project("{FAE04EC0-301F-11D3-BF4B-00C04F79EFBC}") = "HMS.Essentials.Ddd.Application", "src\HMS.Essentials.Ddd.Application\HMS.Essentials.Ddd.Application.csproj", "{12526B41-B752-41AD-9F66-81C60EE17146}"
EndProject
Project("{FAE04EC0-301F-11D3-BF4B-00C04F79EFBC}") = "HMS.Essentials.Application.Ddd.Contracts", "src\HMS.Essentials.Application.Ddd.Contracts\HMS.Essentials.Application.Ddd.Contracts.csproj", "{31EB0487-A175-4528-BA77-1CA03F83526E}"
EndProject
Project("{FAE04EC0-301F-11D3-BF4B-00C04F79EFBC}") = "HMS.Essentials.UnitOfWork", "src\HMS.Essentials.UnitOfWork\HMS.Essentials.UnitOfWork.csproj", "{8A7D3F12-9B8E-4C21-A6F5-3D4E5F6A7B8C}"
EndProject
Project("{FAE04EC0-301F-11D3-BF4B-00C04F79EFBC}") = "HMS.Essentials.UnitOfWork.InMemoryDummy", "src\HMS.Essentials.UnitOfWork.InMemoryDummy\HMS.Essentials.UnitOfWork.InMemoryDummy.csproj", "{1056C931-0D3D-430C-9BB0-581942471391}"
EndProject
Project("{FAE04EC0-301F-11D3-BF4B-00C04F79EFBC}") = "HMS.Essentials.MediatR.Contracts", "src\HMS.Essentials.MediatR.Contracts\HMS.Essentials.MediatR.Contracts.csproj", "{EA911774-3E8B-45B1-B801-EA4EA151E425}"
EndProject
Project("{FAE04EC0-301F-11D3-BF4B-00C04F79EFBC}") = "HMS.Essentials.MediatR", "src\HMS.Essentials.MediatR\HMS.Essentials.MediatR.csproj", "{CE0B486A-D0CB-4AAC-AA9A-D894E6386F40}"
EndProject
Global
	GlobalSection(SolutionConfigurationPlatforms) = preSolution
		Debug|Any CPU = Debug|Any CPU
		Debug|x64 = Debug|x64
		Debug|x86 = Debug|x86
		Release|Any CPU = Release|Any CPU
		Release|x64 = Release|x64
		Release|x86 = Release|x86
	EndGlobalSection
	GlobalSection(ProjectConfigurationPlatforms) = postSolution
		{F9C90895-0398-4246-A0CA-525EC0589D6F}.Debug|Any CPU.ActiveCfg = Debug|Any CPU
		{F9C90895-0398-4246-A0CA-525EC0589D6F}.Debug|Any CPU.Build.0 = Debug|Any CPU
		{F9C90895-0398-4246-A0CA-525EC0589D6F}.Debug|x64.ActiveCfg = Debug|Any CPU
		{F9C90895-0398-4246-A0CA-525EC0589D6F}.Debug|x64.Build.0 = Debug|Any CPU
		{F9C90895-0398-4246-A0CA-525EC0589D6F}.Debug|x86.ActiveCfg = Debug|Any CPU
		{F9C90895-0398-4246-A0CA-525EC0589D6F}.Debug|x86.Build.0 = Debug|Any CPU
		{F9C90895-0398-4246-A0CA-525EC0589D6F}.Release|Any CPU.ActiveCfg = Release|Any CPU
		{F9C90895-0398-4246-A0CA-525EC0589D6F}.Release|Any CPU.Build.0 = Release|Any CPU
		{F9C90895-0398-4246-A0CA-525EC0589D6F}.Release|x64.ActiveCfg = Release|Any CPU
		{F9C90895-0398-4246-A0CA-525EC0589D6F}.Release|x64.Build.0 = Release|Any CPU
		{F9C90895-0398-4246-A0CA-525EC0589D6F}.Release|x86.ActiveCfg = Release|Any CPU
		{F9C90895-0398-4246-A0CA-525EC0589D6F}.Release|x86.Build.0 = Release|Any CPU
		{948D248C-2ADE-48A4-B5B0-EC95AF4DEE14}.Debug|Any CPU.ActiveCfg = Debug|Any CPU
		{948D248C-2ADE-48A4-B5B0-EC95AF4DEE14}.Debug|Any CPU.Build.0 = Debug|Any CPU
		{948D248C-2ADE-48A4-B5B0-EC95AF4DEE14}.Debug|x64.ActiveCfg = Debug|Any CPU
		{948D248C-2ADE-48A4-B5B0-EC95AF4DEE14}.Debug|x64.Build.0 = Debug|Any CPU
		{948D248C-2ADE-48A4-B5B0-EC95AF4DEE14}.Debug|x86.ActiveCfg = Debug|Any CPU
		{948D248C-2ADE-48A4-B5B0-EC95AF4DEE14}.Debug|x86.Build.0 = Debug|Any CPU
		{948D248C-2ADE-48A4-B5B0-EC95AF4DEE14}.Release|Any CPU.ActiveCfg = Release|Any CPU
		{948D248C-2ADE-48A4-B5B0-EC95AF4DEE14}.Release|Any CPU.Build.0 = Release|Any CPU
		{948D248C-2ADE-48A4-B5B0-EC95AF4DEE14}.Release|x64.ActiveCfg = Release|Any CPU
		{948D248C-2ADE-48A4-B5B0-EC95AF4DEE14}.Release|x64.Build.0 = Release|Any CPU
		{948D248C-2ADE-48A4-B5B0-EC95AF4DEE14}.Release|x86.ActiveCfg = Release|Any CPU
		{948D248C-2ADE-48A4-B5B0-EC95AF4DEE14}.Release|x86.Build.0 = Release|Any CPU
		{5690BDCF-1E8D-4F18-8E4D-93108D70E596}.Debug|Any CPU.ActiveCfg = Debug|Any CPU
		{5690BDCF-1E8D-4F18-8E4D-93108D70E596}.Debug|Any CPU.Build.0 = Debug|Any CPU
		{5690BDCF-1E8D-4F18-8E4D-93108D70E596}.Debug|x64.ActiveCfg = Debug|Any CPU
		{5690BDCF-1E8D-4F18-8E4D-93108D70E596}.Debug|x64.Build.0 = Debug|Any CPU
		{5690BDCF-1E8D-4F18-8E4D-93108D70E596}.Debug|x86.ActiveCfg = Debug|Any CPU
		{5690BDCF-1E8D-4F18-8E4D-93108D70E596}.Debug|x86.Build.0 = Debug|Any CPU
		{5690BDCF-1E8D-4F18-8E4D-93108D70E596}.Release|Any CPU.ActiveCfg = Release|Any CPU
		{5690BDCF-1E8D-4F18-8E4D-93108D70E596}.Release|Any CPU.Build.0 = Release|Any CPU
		{5690BDCF-1E8D-4F18-8E4D-93108D70E596}.Release|x64.ActiveCfg = Release|Any CPU
		{5690BDCF-1E8D-4F18-8E4D-93108D70E596}.Release|x64.Build.0 = Release|Any CPU
		{5690BDCF-1E8D-4F18-8E4D-93108D70E596}.Release|x86.ActiveCfg = Release|Any CPU
		{5690BDCF-1E8D-4F18-8E4D-93108D70E596}.Release|x86.Build.0 = Release|Any CPU
		{48282DCA-1A39-4CD5-AA88-35C926EBA3B9}.Debug|Any CPU.ActiveCfg = Debug|Any CPU
		{48282DCA-1A39-4CD5-AA88-35C926EBA3B9}.Debug|Any CPU.Build.0 = Debug|Any CPU
		{48282DCA-1A39-4CD5-AA88-35C926EBA3B9}.Debug|x64.ActiveCfg = Debug|Any CPU
		{48282DCA-1A39-4CD5-AA88-35C926EBA3B9}.Debug|x64.Build.0 = Debug|Any CPU
		{48282DCA-1A39-4CD5-AA88-35C926EBA3B9}.Debug|x86.ActiveCfg = Debug|Any CPU
		{48282DCA-1A39-4CD5-AA88-35C926EBA3B9}.Debug|x86.Build.0 = Debug|Any CPU
		{48282DCA-1A39-4CD5-AA88-35C926EBA3B9}.Release|Any CPU.ActiveCfg = Release|Any CPU
		{48282DCA-1A39-4CD5-AA88-35C926EBA3B9}.Release|Any CPU.Build.0 = Release|Any CPU
		{48282DCA-1A39-4CD5-AA88-35C926EBA3B9}.Release|x64.ActiveCfg = Release|Any CPU
		{48282DCA-1A39-4CD5-AA88-35C926EBA3B9}.Release|x64.Build.0 = Release|Any CPU
		{48282DCA-1A39-4CD5-AA88-35C926EBA3B9}.Release|x86.ActiveCfg = Release|Any CPU
		{48282DCA-1A39-4CD5-AA88-35C926EBA3B9}.Release|x86.Build.0 = Release|Any CPU
		{E98134E8-4C8F-41D8-A275-BC193B0B6BFC}.Debug|Any CPU.ActiveCfg = Debug|Any CPU
		{E98134E8-4C8F-41D8-A275-BC193B0B6BFC}.Debug|Any CPU.Build.0 = Debug|Any CPU
		{E98134E8-4C8F-41D8-A275-BC193B0B6BFC}.Debug|x64.ActiveCfg = Debug|Any CPU
		{E98134E8-4C8F-41D8-A275-BC193B0B6BFC}.Debug|x64.Build.0 = Debug|Any CPU
		{E98134E8-4C8F-41D8-A275-BC193B0B6BFC}.Debug|x86.ActiveCfg = Debug|Any CPU
		{E98134E8-4C8F-41D8-A275-BC193B0B6BFC}.Debug|x86.Build.0 = Debug|Any CPU
		{E98134E8-4C8F-41D8-A275-BC193B0B6BFC}.Release|Any CPU.ActiveCfg = Release|Any CPU
		{E98134E8-4C8F-41D8-A275-BC193B0B6BFC}.Release|Any CPU.Build.0 = Release|Any CPU
		{E98134E8-4C8F-41D8-A275-BC193B0B6BFC}.Release|x64.ActiveCfg = Release|Any CPU
		{E98134E8-4C8F-41D8-A275-BC193B0B6BFC}.Release|x64.Build.0 = Release|Any CPU
		{E98134E8-4C8F-41D8-A275-BC193B0B6BFC}.Release|x86.ActiveCfg = Release|Any CPU
		{E98134E8-4C8F-41D8-A275-BC193B0B6BFC}.Release|x86.Build.0 = Release|Any CPU
		{271CAAE3-256E-4633-9886-47995A57942E}.Debug|Any CPU.ActiveCfg = Debug|Any CPU
		{271CAAE3-256E-4633-9886-47995A57942E}.Debug|Any CPU.Build.0 = Debug|Any CPU
		{271CAAE3-256E-4633-9886-47995A57942E}.Debug|x64.ActiveCfg = Debug|Any CPU
		{271CAAE3-256E-4633-9886-47995A57942E}.Debug|x64.Build.0 = Debug|Any CPU
		{271CAAE3-256E-4633-9886-47995A57942E}.Debug|x86.ActiveCfg = Debug|Any CPU
		{271CAAE3-256E-4633-9886-47995A57942E}.Debug|x86.Build.0 = Debug|Any CPU
		{271CAAE3-256E-4633-9886-47995A57942E}.Release|Any CPU.ActiveCfg = Release|Any CPU
		{271CAAE3-256E-4633-9886-47995A57942E}.Release|Any CPU.Build.0 = Release|Any CPU
		{271CAAE3-256E-4633-9886-47995A57942E}.Release|x64.ActiveCfg = Release|Any CPU
		{271CAAE3-256E-4633-9886-47995A57942E}.Release|x64.Build.0 = Release|Any CPU
		{271CAAE3-256E-4633-9886-47995A57942E}.Release|x86.ActiveCfg = Release|Any CPU
		{271CAAE3-256E-4633-9886-47995A57942E}.Release|x86.Build.0 = Release|Any CPU
		{1A7E8798-5ACB-4AE9-A4C1-7253C75647E2}.Debug|Any CPU.ActiveCfg = Debug|Any CPU
		{1A7E8798-5ACB-4AE9-A4C1-7253C75647E2}.Debug|Any CPU.Build.0 = Debug|Any CPU
		{1A7E8798-5ACB-4AE9-A4C1-7253C75647E2}.Debug|x64.ActiveCfg = Debug|Any CPU
		{1A7E8798-5ACB-4AE9-A4C1-7253C75647E2}.Debug|x64.Build.0 = Debug|Any CPU
		{1A7E8798-5ACB-4AE9-A4C1-7253C75647E2}.Debug|x86.ActiveCfg = Debug|Any CPU
		{1A7E8798-5ACB-4AE9-A4C1-7253C75647E2}.Debug|x86.Build.0 = Debug|Any CPU
		{1A7E8798-5ACB-4AE9-A4C1-7253C75647E2}.Release|Any CPU.ActiveCfg = Release|Any CPU
		{1A7E8798-5ACB-4AE9-A4C1-7253C75647E2}.Release|Any CPU.Build.0 = Release|Any CPU
		{1A7E8798-5ACB-4AE9-A4C1-7253C75647E2}.Release|x64.ActiveCfg = Release|Any CPU
		{1A7E8798-5ACB-4AE9-A4C1-7253C75647E2}.Release|x64.Build.0 = Release|Any CPU
		{1A7E8798-5ACB-4AE9-A4C1-7253C75647E2}.Release|x86.ActiveCfg = Release|Any CPU
		{1A7E8798-5ACB-4AE9-A4C1-7253C75647E2}.Release|x86.Build.0 = Release|Any CPU
		{0FC64702-D3FF-405A-B7F6-09B37C42DA58}.Debug|Any CPU.ActiveCfg = Debug|Any CPU
		{0FC64702-D3FF-405A-B7F6-09B37C42DA58}.Debug|Any CPU.Build.0 = Debug|Any CPU
		{0FC64702-D3FF-405A-B7F6-09B37C42DA58}.Debug|x64.ActiveCfg = Debug|Any CPU
		{0FC64702-D3FF-405A-B7F6-09B37C42DA58}.Debug|x64.Build.0 = Debug|Any CPU
		{0FC64702-D3FF-405A-B7F6-09B37C42DA58}.Debug|x86.ActiveCfg = Debug|Any CPU
		{0FC64702-D3FF-405A-B7F6-09B37C42DA58}.Debug|x86.Build.0 = Debug|Any CPU
		{0FC64702-D3FF-405A-B7F6-09B37C42DA58}.Release|Any CPU.ActiveCfg = Release|Any CPU
		{0FC64702-D3FF-405A-B7F6-09B37C42DA58}.Release|Any CPU.Build.0 = Release|Any CPU
		{0FC64702-D3FF-405A-B7F6-09B37C42DA58}.Release|x64.ActiveCfg = Release|Any CPU
		{0FC64702-D3FF-405A-B7F6-09B37C42DA58}.Release|x64.Build.0 = Release|Any CPU
		{0FC64702-D3FF-405A-B7F6-09B37C42DA58}.Release|x86.ActiveCfg = Release|Any CPU
		{0FC64702-D3FF-405A-B7F6-09B37C42DA58}.Release|x86.Build.0 = Release|Any CPU
		{851430EC-8363-4887-AA8E-184027F329F8}.Debug|Any CPU.ActiveCfg = Debug|Any CPU
		{851430EC-8363-4887-AA8E-184027F329F8}.Debug|Any CPU.Build.0 = Debug|Any CPU
		{851430EC-8363-4887-AA8E-184027F329F8}.Debug|x64.ActiveCfg = Debug|Any CPU
		{851430EC-8363-4887-AA8E-184027F329F8}.Debug|x64.Build.0 = Debug|Any CPU
		{851430EC-8363-4887-AA8E-184027F329F8}.Debug|x86.ActiveCfg = Debug|Any CPU
		{851430EC-8363-4887-AA8E-184027F329F8}.Debug|x86.Build.0 = Debug|Any CPU
		{851430EC-8363-4887-AA8E-184027F329F8}.Release|Any CPU.ActiveCfg = Release|Any CPU
		{851430EC-8363-4887-AA8E-184027F329F8}.Release|Any CPU.Build.0 = Release|Any CPU
		{851430EC-8363-4887-AA8E-184027F329F8}.Release|x64.ActiveCfg = Release|Any CPU
		{851430EC-8363-4887-AA8E-184027F329F8}.Release|x64.Build.0 = Release|Any CPU
		{851430EC-8363-4887-AA8E-184027F329F8}.Release|x86.ActiveCfg = Release|Any CPU
		{851430EC-8363-4887-AA8E-184027F329F8}.Release|x86.Build.0 = Release|Any CPU
		{2A49B426-68F9-4962-9AF4-2FA8CF42BDBA}.Debug|Any CPU.ActiveCfg = Debug|Any CPU
		{2A49B426-68F9-4962-9AF4-2FA8CF42BDBA}.Debug|Any CPU.Build.0 = Debug|Any CPU
		{2A49B426-68F9-4962-9AF4-2FA8CF42BDBA}.Debug|x64.ActiveCfg = Debug|Any CPU
		{2A49B426-68F9-4962-9AF4-2FA8CF42BDBA}.Debug|x64.Build.0 = Debug|Any CPU
		{2A49B426-68F9-4962-9AF4-2FA8CF42BDBA}.Debug|x86.ActiveCfg = Debug|Any CPU
		{2A49B426-68F9-4962-9AF4-2FA8CF42BDBA}.Debug|x86.Build.0 = Debug|Any CPU
		{2A49B426-68F9-4962-9AF4-2FA8CF42BDBA}.Release|Any CPU.ActiveCfg = Release|Any CPU
		{2A49B426-68F9-4962-9AF4-2FA8CF42BDBA}.Release|Any CPU.Build.0 = Release|Any CPU
		{2A49B426-68F9-4962-9AF4-2FA8CF42BDBA}.Release|x64.ActiveCfg = Release|Any CPU
		{2A49B426-68F9-4962-9AF4-2FA8CF42BDBA}.Release|x64.Build.0 = Release|Any CPU
		{2A49B426-68F9-4962-9AF4-2FA8CF42BDBA}.Release|x86.ActiveCfg = Release|Any CPU
		{2A49B426-68F9-4962-9AF4-2FA8CF42BDBA}.Release|x86.Build.0 = Release|Any CPU
		{9C2D4E5F-6A7B-8C9D-0E1F-2A3B4C5D6E7F}.Debug|Any CPU.ActiveCfg = Debug|Any CPU
		{9C2D4E5F-6A7B-8C9D-0E1F-2A3B4C5D6E7F}.Debug|Any CPU.Build.0 = Debug|Any CPU
		{9C2D4E5F-6A7B-8C9D-0E1F-2A3B4C5D6E7F}.Debug|x64.ActiveCfg = Debug|Any CPU
		{9C2D4E5F-6A7B-8C9D-0E1F-2A3B4C5D6E7F}.Debug|x64.Build.0 = Debug|Any CPU
		{9C2D4E5F-6A7B-8C9D-0E1F-2A3B4C5D6E7F}.Debug|x86.ActiveCfg = Debug|Any CPU
		{9C2D4E5F-6A7B-8C9D-0E1F-2A3B4C5D6E7F}.Debug|x86.Build.0 = Debug|Any CPU
		{9C2D4E5F-6A7B-8C9D-0E1F-2A3B4C5D6E7F}.Release|Any CPU.ActiveCfg = Release|Any CPU
		{9C2D4E5F-6A7B-8C9D-0E1F-2A3B4C5D6E7F}.Release|Any CPU.Build.0 = Release|Any CPU
		{9C2D4E5F-6A7B-8C9D-0E1F-2A3B4C5D6E7F}.Release|x64.ActiveCfg = Release|Any CPU
		{9C2D4E5F-6A7B-8C9D-0E1F-2A3B4C5D6E7F}.Release|x64.Build.0 = Release|Any CPU
		{9C2D4E5F-6A7B-8C9D-0E1F-2A3B4C5D6E7F}.Release|x86.ActiveCfg = Release|Any CPU
		{9C2D4E5F-6A7B-8C9D-0E1F-2A3B4C5D6E7F}.Release|x86.Build.0 = Release|Any CPU
		{12526B41-B752-41AD-9F66-81C60EE17146}.Debug|Any CPU.ActiveCfg = Debug|Any CPU
		{12526B41-B752-41AD-9F66-81C60EE17146}.Debug|Any CPU.Build.0 = Debug|Any CPU
		{12526B41-B752-41AD-9F66-81C60EE17146}.Debug|x64.ActiveCfg = Debug|Any CPU
		{12526B41-B752-41AD-9F66-81C60EE17146}.Debug|x64.Build.0 = Debug|Any CPU
		{12526B41-B752-41AD-9F66-81C60EE17146}.Debug|x86.ActiveCfg = Debug|Any CPU
		{12526B41-B752-41AD-9F66-81C60EE17146}.Debug|x86.Build.0 = Debug|Any CPU
		{12526B41-B752-41AD-9F66-81C60EE17146}.Release|Any CPU.ActiveCfg = Release|Any CPU
		{12526B41-B752-41AD-9F66-81C60EE17146}.Release|Any CPU.Build.0 = Release|Any CPU
		{12526B41-B752-41AD-9F66-81C60EE17146}.Release|x64.ActiveCfg = Release|Any CPU
		{12526B41-B752-41AD-9F66-81C60EE17146}.Release|x64.Build.0 = Release|Any CPU
		{12526B41-B752-41AD-9F66-81C60EE17146}.Release|x86.ActiveCfg = Release|Any CPU
		{12526B41-B752-41AD-9F66-81C60EE17146}.Release|x86.Build.0 = Release|Any CPU
		{31EB0487-A175-4528-BA77-1CA03F83526E}.Debug|Any CPU.ActiveCfg = Debug|Any CPU
		{31EB0487-A175-4528-BA77-1CA03F83526E}.Debug|Any CPU.Build.0 = Debug|Any CPU
		{31EB0487-A175-4528-BA77-1CA03F83526E}.Debug|x64.ActiveCfg = Debug|Any CPU
		{31EB0487-A175-4528-BA77-1CA03F83526E}.Debug|x64.Build.0 = Debug|Any CPU
		{31EB0487-A175-4528-BA77-1CA03F83526E}.Debug|x86.ActiveCfg = Debug|Any CPU
		{31EB0487-A175-4528-BA77-1CA03F83526E}.Debug|x86.Build.0 = Debug|Any CPU
		{31EB0487-A175-4528-BA77-1CA03F83526E}.Release|Any CPU.ActiveCfg = Release|Any CPU
		{31EB0487-A175-4528-BA77-1CA03F83526E}.Release|Any CPU.Build.0 = Release|Any CPU
		{31EB0487-A175-4528-BA77-1CA03F83526E}.Release|x64.ActiveCfg = Release|Any CPU
		{31EB0487-A175-4528-BA77-1CA03F83526E}.Release|x64.Build.0 = Release|Any CPU
		{31EB0487-A175-4528-BA77-1CA03F83526E}.Release|x86.ActiveCfg = Release|Any CPU
		{31EB0487-A175-4528-BA77-1CA03F83526E}.Release|x86.Build.0 = Release|Any CPU
		{8A7D3F12-9B8E-4C21-A6F5-3D4E5F6A7B8C}.Debug|Any CPU.ActiveCfg = Debug|Any CPU
		{8A7D3F12-9B8E-4C21-A6F5-3D4E5F6A7B8C}.Debug|Any CPU.Build.0 = Debug|Any CPU
		{8A7D3F12-9B8E-4C21-A6F5-3D4E5F6A7B8C}.Debug|x64.ActiveCfg = Debug|Any CPU
		{8A7D3F12-9B8E-4C21-A6F5-3D4E5F6A7B8C}.Debug|x64.Build.0 = Debug|Any CPU
		{8A7D3F12-9B8E-4C21-A6F5-3D4E5F6A7B8C}.Debug|x86.ActiveCfg = Debug|Any CPU
		{8A7D3F12-9B8E-4C21-A6F5-3D4E5F6A7B8C}.Debug|x86.Build.0 = Debug|Any CPU
		{8A7D3F12-9B8E-4C21-A6F5-3D4E5F6A7B8C}.Release|Any CPU.ActiveCfg = Release|Any CPU
		{8A7D3F12-9B8E-4C21-A6F5-3D4E5F6A7B8C}.Release|Any CPU.Build.0 = Release|Any CPU
		{8A7D3F12-9B8E-4C21-A6F5-3D4E5F6A7B8C}.Release|x64.ActiveCfg = Release|Any CPU
		{8A7D3F12-9B8E-4C21-A6F5-3D4E5F6A7B8C}.Release|x64.Build.0 = Release|Any CPU
		{8A7D3F12-9B8E-4C21-A6F5-3D4E5F6A7B8C}.Release|x86.ActiveCfg = Release|Any CPU
		{8A7D3F12-9B8E-4C21-A6F5-3D4E5F6A7B8C}.Release|x86.Build.0 = Release|Any CPU
		{1056C931-0D3D-430C-9BB0-581942471391}.Debug|Any CPU.ActiveCfg = Debug|Any CPU
		{1056C931-0D3D-430C-9BB0-581942471391}.Debug|Any CPU.Build.0 = Debug|Any CPU
		{1056C931-0D3D-430C-9BB0-581942471391}.Debug|x64.ActiveCfg = Debug|Any CPU
		{1056C931-0D3D-430C-9BB0-581942471391}.Debug|x64.Build.0 = Debug|Any CPU
		{1056C931-0D3D-430C-9BB0-581942471391}.Debug|x86.ActiveCfg = Debug|Any CPU
		{1056C931-0D3D-430C-9BB0-581942471391}.Debug|x86.Build.0 = Debug|Any CPU
		{1056C931-0D3D-430C-9BB0-581942471391}.Release|Any CPU.ActiveCfg = Release|Any CPU
		{1056C931-0D3D-430C-9BB0-581942471391}.Release|Any CPU.Build.0 = Release|Any CPU
		{1056C931-0D3D-430C-9BB0-581942471391}.Release|x64.ActiveCfg = Release|Any CPU
		{1056C931-0D3D-430C-9BB0-581942471391}.Release|x64.Build.0 = Release|Any CPU
		{1056C931-0D3D-430C-9BB0-581942471391}.Release|x86.ActiveCfg = Release|Any CPU
		{1056C931-0D3D-430C-9BB0-581942471391}.Release|x86.Build.0 = Release|Any CPU
		{EA911774-3E8B-45B1-B801-EA4EA151E425}.Debug|Any CPU.ActiveCfg = Debug|Any CPU
		{EA911774-3E8B-45B1-B801-EA4EA151E425}.Debug|Any CPU.Build.0 = Debug|Any CPU
		{EA911774-3E8B-45B1-B801-EA4EA151E425}.Debug|x64.ActiveCfg = Debug|Any CPU
		{EA911774-3E8B-45B1-B801-EA4EA151E425}.Debug|x64.Build.0 = Debug|Any CPU
		{EA911774-3E8B-45B1-B801-EA4EA151E425}.Debug|x86.ActiveCfg = Debug|Any CPU
		{EA911774-3E8B-45B1-B801-EA4EA151E425}.Debug|x86.Build.0 = Debug|Any CPU
		{EA911774-3E8B-45B1-B801-EA4EA151E425}.Release|Any CPU.ActiveCfg = Release|Any CPU
		{EA911774-3E8B-45B1-B801-EA4EA151E425}.Release|Any CPU.Build.0 = Release|Any CPU
		{EA911774-3E8B-45B1-B801-EA4EA151E425}.Release|x64.ActiveCfg = Release|Any CPU
		{EA911774-3E8B-45B1-B801-EA4EA151E425}.Release|x64.Build.0 = Release|Any CPU
		{EA911774-3E8B-45B1-B801-EA4EA151E425}.Release|x86.ActiveCfg = Release|Any CPU
		{EA911774-3E8B-45B1-B801-EA4EA151E425}.Release|x86.Build.0 = Release|Any CPU
		{CE0B486A-D0CB-4AAC-AA9A-D894E6386F40}.Debug|Any CPU.ActiveCfg = Debug|Any CPU
		{CE0B486A-D0CB-4AAC-AA9A-D894E6386F40}.Debug|Any CPU.Build.0 = Debug|Any CPU
		{CE0B486A-D0CB-4AAC-AA9A-D894E6386F40}.Debug|x64.ActiveCfg = Debug|Any CPU
		{CE0B486A-D0CB-4AAC-AA9A-D894E6386F40}.Debug|x64.Build.0 = Debug|Any CPU
		{CE0B486A-D0CB-4AAC-AA9A-D894E6386F40}.Debug|x86.ActiveCfg = Debug|Any CPU
		{CE0B486A-D0CB-4AAC-AA9A-D894E6386F40}.Debug|x86.Build.0 = Debug|Any CPU
		{CE0B486A-D0CB-4AAC-AA9A-D894E6386F40}.Release|Any CPU.ActiveCfg = Release|Any CPU
		{CE0B486A-D0CB-4AAC-AA9A-D894E6386F40}.Release|Any CPU.Build.0 = Release|Any CPU
		{CE0B486A-D0CB-4AAC-AA9A-D894E6386F40}.Release|x64.ActiveCfg = Release|Any CPU
		{CE0B486A-D0CB-4AAC-AA9A-D894E6386F40}.Release|x64.Build.0 = Release|Any CPU
		{CE0B486A-D0CB-4AAC-AA9A-D894E6386F40}.Release|x86.ActiveCfg = Release|Any CPU
		{CE0B486A-D0CB-4AAC-AA9A-D894E6386F40}.Release|x86.Build.0 = Release|Any CPU
	EndGlobalSection
	GlobalSection(SolutionProperties) = preSolution
		HideSolutionNode = FALSE
	EndGlobalSection
	GlobalSection(NestedProjects) = preSolution
		{F9C90895-0398-4246-A0CA-525EC0589D6F} = {9C56C1FC-E865-4BA9-98C3-4564B99E6F99}
		{948D248C-2ADE-48A4-B5B0-EC95AF4DEE14} = {9C56C1FC-E865-4BA9-98C3-4564B99E6F99}
		{5690BDCF-1E8D-4F18-8E4D-93108D70E596} = {9C56C1FC-E865-4BA9-98C3-4564B99E6F99}
		{48282DCA-1A39-4CD5-AA88-35C926EBA3B9} = {9C56C1FC-E865-4BA9-98C3-4564B99E6F99}
		{E98134E8-4C8F-41D8-A275-BC193B0B6BFC} = {C2CF01BC-478A-4C2D-BBE8-10F22DCF0C54}
		{271CAAE3-256E-4633-9886-47995A57942E} = {C2CF01BC-478A-4C2D-BBE8-10F22DCF0C54}
		{1A7E8798-5ACB-4AE9-A4C1-7253C75647E2} = {C2CF01BC-478A-4C2D-BBE8-10F22DCF0C54}
		{0FC64702-D3FF-405A-B7F6-09B37C42DA58} = {9C56C1FC-E865-4BA9-98C3-4564B99E6F99}
		{851430EC-8363-4887-AA8E-184027F329F8} = {9C56C1FC-E865-4BA9-98C3-4564B99E6F99}
		{2A49B426-68F9-4962-9AF4-2FA8CF42BDBA} = {C2CF01BC-478A-4C2D-BBE8-10F22DCF0C54}
		{9C2D4E5F-6A7B-8C9D-0E1F-2A3B4C5D6E7F} = {C2CF01BC-478A-4C2D-BBE8-10F22DCF0C54}
		{12526B41-B752-41AD-9F66-81C60EE17146} = {9C56C1FC-E865-4BA9-98C3-4564B99E6F99}
		{31EB0487-A175-4528-BA77-1CA03F83526E} = {9C56C1FC-E865-4BA9-98C3-4564B99E6F99}
		{8A7D3F12-9B8E-4C21-A6F5-3D4E5F6A7B8C} = {9C56C1FC-E865-4BA9-98C3-4564B99E6F99}
		{1056C931-0D3D-430C-9BB0-581942471391} = {9C56C1FC-E865-4BA9-98C3-4564B99E6F99}
		{EA911774-3E8B-45B1-B801-EA4EA151E425} = {9C56C1FC-E865-4BA9-98C3-4564B99E6F99}
		{CE0B486A-D0CB-4AAC-AA9A-D894E6386F40} = {9C56C1FC-E865-4BA9-98C3-4564B99E6F99}
	EndGlobalSection
EndGlobal
