
Microsoft Visual Studio Solution File, Format Version 12.00
Project("{2150E333-8FDC-42A3-9474-1A3956D46DE8}") = "src", "src", "{9C56C1FC-E865-4BA9-98C3-4564B99E6F99}"
EndProject
Project("{FAE04EC0-301F-11D3-BF4B-00C04F79EFBC}") = "HMS.Essentials.Core", "src\HMS.Essentials.Core\HMS.Essentials.Core.csproj", "{F9C90895-0398-4246-A0CA-525EC0589D6F}"
EndProject
Project("{FAE04EC0-301F-11D3-BF4B-00C04F79EFBC}") = "HMS.Essentials.Logging", "src\HMS.Essentials.Logging\HMS.Essentials.Logging.csproj", "{948D248C-2ADE-48A4-B5B0-EC95AF4DEE14}"
EndProject
Project("{FAE04EC0-301F-11D3-BF4B-00C04F79EFBC}") = "HMS.Essentials.Data", "src\HMS.Essentials.Data\HMS.Essentials.Data.csproj", "{5690BDCF-1E8D-4F18-8E4D-93108D70E596}"
EndProject
Project("{FAE04EC0-301F-11D3-BF4B-00C04F79EFBC}") = "HMS.Essentials.Demo", "src\HMS.Essentials.Demo\HMS.Essentials.Demo.csproj", "{48282DCA-1A39-4CD5-AA88-35C926EBA3B9}"
EndProject
Project("{2150E333-8FDC-42A3-9474-1A3956D46DE8}") = "test", "test", "{C2CF01BC-478A-4C2D-BBE8-10F22DCF0C54}"
EndProject
Project("{FAE04EC0-301F-11D3-BF4B-00C04F79EFBC}") = "HMS.Essentials.Core.Tests", "test\HMS.Essentials.Core.Tests\HMS.Essentials.Core.Tests.csproj", "{E98134E8-4C8F-41D8-A275-BC193B0B6BFC}"
EndProject
Project("{FAE04EC0-301F-11D3-BF4B-00C04F79EFBC}") = "HMS.Essentials.Data.Tests", "test\HMS.Essentials.Data.Tests\HMS.Essentials.Data.Tests.csproj", "{271CAAE3-256E-4633-9886-47995A57942E}"
EndProject
Project("{FAE04EC0-301F-11D3-BF4B-00C04F79EFBC}") = "HMS.Essentials.Logging.Tests", "test\HMS.Essentials.Logging.Tests\HMS.Essentials.Logging.Tests.csproj", "{1A7E8798-5ACB-4AE9-A4C1-7253C75647E2}"
EndProject
Project("{FAE04EC0-301F-11D3-BF4B-00C04F79EFBC}") = "HMS.Essentials.Ddd.Domain", "src\HMS.Essentials.Ddd.Domain\HMS.Essentials.Ddd.Domain.csproj", "{0FC64702-D3FF-405A-B7F6-09B37C42DA58}"
EndProject
Project("{FAE04EC0-301F-11D3-BF4B-00C04F79EFBC}") = "HMS.Essentials.Ddd.Domain.Shared", "src\HMS.Essentials.Ddd.Domain.Shared\HMS.Essentials.Ddd.Domain.Shared.csproj", "{851430EC-8363-4887-AA8E-184027F329F8}"
EndProject
Project("{FAE04EC0-301F-11D3-BF4B-00C04F79EFBC}") = "HMS.Essentials.Ddd.Domain.Tests", "test\HMS.Essentials.Ddd.Domain.Tests\HMS.Essentials.Ddd.Domain.Tests.csproj", "{2A49B426-68F9-4962-9AF4-2FA8CF42BDBA}"
EndProject
Project("{FAE04EC0-301F-11D3-BF4B-00C04F79EFBC}") = "HMS.Essentials.UnitOfWork.InMemoryDummy.Tests", "test\HMS.Essentials.UnitOfWork.InMemoryDummy.Tests\HMS.Essentials.UnitOfWork.InMemoryDummy.Tests.csproj", "{9C2D4E5F-6A7B-8C9D-0E1F-2A3B4C5D6E7F}"
EndProject
Project("{FAE04EC0-301F-11D3-BF4B-00C04F79EFBC}") = "HMS.Essentials.Ddd.Application", "src\HMS.Essentials.Ddd.Application\HMS.Essentials.Ddd.Application.csproj", "{12526B41-B752-41AD-9F66-81C60EE17146}"
EndProject
Project("{FAE04EC0-301F-11D3-BF4B-00C04F79EFBC}") = "HMS.Essentials.Ddd.Application.Contracts", "src\HMS.Essentials.Ddd.Application.Contracts\HMS.Essentials.Ddd.Application.Contracts.csproj", "{31EB0487-A175-4528-BA77-1CA03F83526E}"
EndProject
Project("{FAE04EC0-301F-11D3-BF4B-00C04F79EFBC}") = "HMS.Essentials.UnitOfWork", "src\HMS.Essentials.UnitOfWork\HMS.Essentials.UnitOfWork.csproj", "{8A7D3F12-9B8E-4C21-A6F5-3D4E5F6A7B8C}"
EndProject
Project("{FAE04EC0-301F-11D3-BF4B-00C04F79EFBC}") = "HMS.Essentials.UnitOfWork.InMemoryDummy", "src\HMS.Essentials.UnitOfWork.InMemoryDummy\HMS.Essentials.UnitOfWork.InMemoryDummy.csproj", "{1056C931-0D3D-430C-9BB0-581942471391}"
EndProject
Project("{FAE04EC0-301F-11D3-BF4B-00C04F79EFBC}") = "HMS.Essentials.MediatR", "src\HMS.Essentials.MediatR\HMS.Essentials.MediatR.csproj", "{CE0B486A-D0CB-4AAC-AA9A-D894E6386F40}"
EndProject
Project("{FAE04EC0-301F-11D3-BF4B-00C04F79EFBC}") = "HMS.Essentials.MediatR.Commands", "src\HMS.Essentials.MediatR.Commands\HMS.Essentials.MediatR.Commands.csproj", "{AC93392A-37BA-4408-A203-CDCD85C0384F}"
EndProject
Project("{FAE04EC0-301F-11D3-BF4B-00C04F79EFBC}") = "HMS.Essentials.MediatR.Queries", "src\HMS.Essentials.MediatR.Queries\HMS.Essentials.MediatR.Queries.csproj", "{8C3828E9-B976-438E-B219-C893BC1BBE57}"
EndProject
Project("{FAE04EC0-301F-11D3-BF4B-00C04F79EFBC}") = "HMS.Essentials.MediatR.DomainEvents", "src\HMS.Essentials.MediatR.DomainEvents\HMS.Essentials.MediatR.DomainEvents.csproj", "{EF3830D0-C945-4D4E-990E-E58275041404}"
EndProject
Project("{FAE04EC0-301F-11D3-BF4B-00C04F79EFBC}") = "HMS.Essentials.MediatR.Tests", "test\HMS.Essentials.MediatR.Tests\HMS.Essentials.MediatR.Tests.csproj", "{12896B61-0813-4518-ACDD-BCA8E3AAB4D5}"
EndProject
Project("{FAE04EC0-301F-11D3-BF4B-00C04F79EFBC}") = "HMS.Essentials.MediatR.Commands.Tests", "test\HMS.Essentials.MediatR.Commands.Tests\HMS.Essentials.MediatR.Commands.Tests.csproj", "{89EBA535-C29D-4A9B-857F-2C7F323BD827}"
EndProject
Project("{FAE04EC0-301F-11D3-BF4B-00C04F79EFBC}") = "HMS.Essentials.MediatR.Queries.Tests", "test\HMS.Essentials.MediatR.Queries.Tests\HMS.Essentials.MediatR.Queries.Tests.csproj", "{05C726CC-6B7E-42D9-8EE4-FF51232FD873}"
EndProject
Project("{FAE04EC0-301F-11D3-BF4B-00C04F79EFBC}") = "HMS.Essentials.MediatR.DomainEvents.Tests", "test\HMS.Essentials.MediatR.DomainEvents.Tests\HMS.Essentials.MediatR.DomainEvents.Tests.csproj", "{1BC2014A-6FA7-4654-9009-D279FD8F6F12}"
EndProject
Project("{FAE04EC0-301F-11D3-BF4B-00C04F79EFBC}") = "HMS.Essentials.MediatR.Attributes", "src\HMS.Essentials.MediatR.Attributes\HMS.Essentials.MediatR.Attributes.csproj", "{7907C8A7-57DC-426E-8203-87C438767395}"
EndProject
Project("{FAE04EC0-301F-11D3-BF4B-00C04F79EFBC}") = "HMS.Essentials.Ddd.Application.Commands", "src\HMS.Essentials.Ddd.Application.Commands\HMS.Essentials.Ddd.Application.Commands.csproj", "{8C1A25EF-729D-4F0D-B554-494F6B4BAC90}"
EndProject
Project("{FAE04EC0-301F-11D3-BF4B-00C04F79EFBC}") = "HMS.Essentials.Ddd.Application.Queries", "src\HMS.Essentials.Ddd.Application.Queries\HMS.Essentials.Ddd.Application.Queries.csproj", "{67B1852A-59A5-4509-AFBF-387A4F2B7393}"
EndProject
Project("{FAE04EC0-301F-11D3-BF4B-00C04F79EFBC}") = "HMS.Essentials.Ddd.Domain.Events", "src\HMS.Essentials.Ddd.Domain.Events\HMS.Essentials.Ddd.Domain.Events.csproj", "{664C0BAA-5A83-4261-B46B-5396E9441C6B}"
EndProject
Project("{FAE04EC0-301F-11D3-BF4B-00C04F79EFBC}") = "HMS.Essentials.EntityFrameworkCore", "src\HMS.Essentials.EntityFrameworkCore\HMS.Essentials.EntityFrameworkCore.csproj", "{F875283E-8FA1-4472-8452-FF9CF530C9FE}"
EndProject
Project("{FAE04EC0-301F-11D3-BF4B-00C04F79EFBC}") = "HMS.Essentials.EntityFrameworkCore.Tests", "test\HMS.Essentials.EntityFrameworkCore.Tests\HMS.Essentials.EntityFrameworkCore.Tests.csproj", "{1E57ABB3-4512-489D-911E-1438759C63B2}"
EndProject
Project("{2150E333-8FDC-42A3-9474-1A3956D46DE8}") = "mainApp", "mainApp", "{C75863E3-AAEE-4EEB-B296-F6F1D9F92AB1}"
EndProject
Project("{FAE04EC0-301F-11D3-BF4B-00C04F79EFBC}") = "HMS.MainApp.WebApi", "mainApp\HMS.MainApp.WebApi\HMS.MainApp.WebApi.csproj", "{7175F6F9-2654-4078-982D-B5DDE507F341}"
EndProject
Project("{FAE04EC0-301F-11D3-BF4B-00C04F79EFBC}") = "HMS.MainApp.Application", "mainApp\HMS.MainApp.Application\HMS.MainApp.Application.csproj", "{F27214F9-8901-41B5-BFBC-B5654B722CCC}"
EndProject
Project("{FAE04EC0-301F-11D3-BF4B-00C04F79EFBC}") = "HMS.MainApp.Application.Contracts", "mainApp\HMS.MainApp.Application.Contracts\HMS.MainApp.Application.Contracts.csproj", "{B98EBC57-2F0E-4ACF-BFC2-C651ACAC75AC}"
EndProject
Project("{FAE04EC0-301F-11D3-BF4B-00C04F79EFBC}") = "HMS.MainApp.Application.Commands", "mainApp\HMS.MainApp.Application.Commands\HMS.MainApp.Application.Commands.csproj", "{65B8A4FD-2BB8-4607-918D-F427A73EDA46}"
EndProject
Project("{FAE04EC0-301F-11D3-BF4B-00C04F79EFBC}") = "HMS.MainApp.Application.Queries", "mainApp\HMS.MainApp.Application.Queries\HMS.MainApp.Application.Queries.csproj", "{7E5291C7-C4FC-4678-B500-5BEC8A8845DD}"
EndProject
Project("{FAE04EC0-301F-11D3-BF4B-00C04F79EFBC}") = "HMS.MainApp.Domain", "mainApp\HMS.MainApp.Domain\HMS.MainApp.Domain.csproj", "{86B58C5E-FA7F-4D06-A78E-B65AEE929E27}"
EndProject
Project("{FAE04EC0-301F-11D3-BF4B-00C04F79EFBC}") = "HMS.MainApp.Domain.Shared", "mainApp\HMS.MainApp.Domain.Shared\HMS.MainApp.Domain.Shared.csproj", "{70219BC0-271B-46A7-BEF9-2CED57D92F12}"
EndProject
Project("{FAE04EC0-301F-11D3-BF4B-00C04F79EFBC}") = "HMS.MainApp.EntityFrameworkCore", "mainApp\HMS.MainApp.EntityFrameworkCore\HMS.MainApp.EntityFrameworkCore.csproj", "{A8833DBC-5550-435C-9EB3-2C2ACE7C6333}"
EndProject
Project("{FAE04EC0-301F-11D3-BF4B-00C04F79EFBC}") = "HMS.Essentials.AspNetCore", "src\HMS.Essentials.AspNetCore\HMS.Essentials.AspNetCore.csproj", "{9B471FFF-508D-4DA3-98D4-B519C89420ED}"
EndProject
Project("{FAE04EC0-301F-11D3-BF4B-00C04F79EFBC}") = "HMS.Essentials.AspNetCore.Tests", "test\HMS.Essentials.AspNetCore.Tests\HMS.Essentials.AspNetCore.Tests.csproj", "{EE9F3F1E-BF43-4430-AF52-9D55D2E5943D}"
EndProject
Project("{FAE04EC0-301F-11D3-BF4B-00C04F79EFBC}") = "HMS.Essentials.Swashbuckle", "src\HMS.Essentials.Swashbuckle\HMS.Essentials.Swashbuckle.csproj", "{81CB82C1-55BD-4530-84F9-F4B606A45425}"
EndProject
Project("{FAE04EC0-301F-11D3-BF4B-00C04F79EFBC}") = "HMS.Essentials.Swashbuckle.Tests", "test\HMS.Essentials.Swashbuckle.Tests\HMS.Essentials.Swashbuckle.Tests.csproj", "{869EC8D6-2C42-44ED-8BFC-AC729CBCDCFC}"
EndProject
Project("{FAE04EC0-301F-11D3-BF4B-00C04F79EFBC}") = "HMS.Essentials.AutoMapper", "src\HMS.Essentials.AutoMapper\HMS.Essentials.AutoMapper.csproj", "{923709EE-4814-45B3-8ECE-DEEFA4D5A975}"
EndProject
Project("{FAE04EC0-301F-11D3-BF4B-00C04F79EFBC}") = "HMS.Essentials.ObjectMapping", "src\HMS.Essentials.ObjectMapping\HMS.Essentials.ObjectMapping.csproj", "{64BBECE9-7B7F-43B9-9412-0EB7AE6D8DAA}"
EndProject
Project("{FAE04EC0-301F-11D3-BF4B-00C04F79EFBC}") = "HMS.Essentials.ObjectMapping.Tests", "test\HMS.Essentials.ObjectMapping.Tests\HMS.Essentials.ObjectMapping.Tests.csproj", "{0E713BA5-5DC3-439F-80B7-B1A20DC9BAFA}"
EndProject
Project("{FAE04EC0-301F-11D3-BF4B-00C04F79EFBC}") = "HMS.Essentials.AutoMapper.Tests", "test\HMS.Essentials.AutoMapper.Tests\HMS.Essentials.AutoMapper.Tests.csproj", "{5EF2C8A4-7F30-401E-B19F-5C71086A9767}"
EndProject
Project("{FAE04EC0-301F-11D3-BF4B-00C04F79EFBC}") = "HMS.Essentials.AspNetCore.Serilog", "src\HMS.Essentials.AspNetCore.Serilog\HMS.Essentials.AspNetCore.Serilog.csproj", "{C5672076-56CE-4421-AF7F-E21C64A642DE}"
EndProject
Project("{FAE04EC0-301F-11D3-BF4B-00C04F79EFBC}") = "HMS.Essentials.AspNetCore.Serilog.Tests", "test\HMS.Essentials.AspNetCore.Serilog.Tests\HMS.Essentials.AspNetCore.Serilog.Tests.csproj", "{807DE1BF-A87D-4DAB-9B96-AF97C5F2CDBD}"
EndProject
Project("{FAE04EC0-301F-11D3-BF4B-00C04F79EFBC}") = "HMS.Essentials.MediatR.Attributes.Tests", "test\HMS.Essentials.MediatR.Attributes.Tests\HMS.Essentials.MediatR.Attributes.Tests.csproj", "{51DBCD06-A87A-418A-A7E4-A0817507142B}"
EndProject
Project("{FAE04EC0-301F-11D3-BF4B-00C04F79EFBC}") = "HMS.Essentials.UnitOfWork.Tests", "test\HMS.Essentials.UnitOfWork.Tests\HMS.Essentials.UnitOfWork.Tests.csproj", "{627E24B3-A156-4ACD-97FF-98C88BBF76A4}"
EndProject
Project("{FAE04EC0-301F-11D3-BF4B-00C04F79EFBC}") = "HMS.Essentials.FluentValidation", "src\HMS.Essentials.FluentValidation\HMS.Essentials.FluentValidation.csproj", "{679F2E66-A366-4D7A-A43A-2696CB4B1B55}"
EndProject
Global
	GlobalSection(SolutionConfigurationPlatforms) = preSolution
		Debug|Any CPU = Debug|Any CPU
		Debug|x64 = Debug|x64
		Debug|x86 = Debug|x86
		Release|Any CPU = Release|Any CPU
		Release|x64 = Release|x64
		Release|x86 = Release|x86
	EndGlobalSection
	GlobalSection(ProjectConfigurationPlatforms) = postSolution
		{F9C90895-0398-4246-A0CA-525EC0589D6F}.Debug|Any CPU.ActiveCfg = Debug|Any CPU
		{F9C90895-0398-4246-A0CA-525EC0589D6F}.Debug|Any CPU.Build.0 = Debug|Any CPU
		{F9C90895-0398-4246-A0CA-525EC0589D6F}.Debug|x64.ActiveCfg = Debug|Any CPU
		{F9C90895-0398-4246-A0CA-525EC0589D6F}.Debug|x64.Build.0 = Debug|Any CPU
		{F9C90895-0398-4246-A0CA-525EC0589D6F}.Debug|x86.ActiveCfg = Debug|Any CPU
		{F9C90895-0398-4246-A0CA-525EC0589D6F}.Debug|x86.Build.0 = Debug|Any CPU
		{F9C90895-0398-4246-A0CA-525EC0589D6F}.Release|Any CPU.ActiveCfg = Release|Any CPU
		{F9C90895-0398-4246-A0CA-525EC0589D6F}.Release|Any CPU.Build.0 = Release|Any CPU
		{F9C90895-0398-4246-A0CA-525EC0589D6F}.Release|x64.ActiveCfg = Release|Any CPU
		{F9C90895-0398-4246-A0CA-525EC0589D6F}.Release|x64.Build.0 = Release|Any CPU
		{F9C90895-0398-4246-A0CA-525EC0589D6F}.Release|x86.ActiveCfg = Release|Any CPU
		{F9C90895-0398-4246-A0CA-525EC0589D6F}.Release|x86.Build.0 = Release|Any CPU
		{948D248C-2ADE-48A4-B5B0-EC95AF4DEE14}.Debug|Any CPU.ActiveCfg = Debug|Any CPU
		{948D248C-2ADE-48A4-B5B0-EC95AF4DEE14}.Debug|Any CPU.Build.0 = Debug|Any CPU
		{948D248C-2ADE-48A4-B5B0-EC95AF4DEE14}.Debug|x64.ActiveCfg = Debug|Any CPU
		{948D248C-2ADE-48A4-B5B0-EC95AF4DEE14}.Debug|x64.Build.0 = Debug|Any CPU
		{948D248C-2ADE-48A4-B5B0-EC95AF4DEE14}.Debug|x86.ActiveCfg = Debug|Any CPU
		{948D248C-2ADE-48A4-B5B0-EC95AF4DEE14}.Debug|x86.Build.0 = Debug|Any CPU
		{948D248C-2ADE-48A4-B5B0-EC95AF4DEE14}.Release|Any CPU.ActiveCfg = Release|Any CPU
		{948D248C-2ADE-48A4-B5B0-EC95AF4DEE14}.Release|Any CPU.Build.0 = Release|Any CPU
		{948D248C-2ADE-48A4-B5B0-EC95AF4DEE14}.Release|x64.ActiveCfg = Release|Any CPU
		{948D248C-2ADE-48A4-B5B0-EC95AF4DEE14}.Release|x64.Build.0 = Release|Any CPU
		{948D248C-2ADE-48A4-B5B0-EC95AF4DEE14}.Release|x86.ActiveCfg = Release|Any CPU
		{948D248C-2ADE-48A4-B5B0-EC95AF4DEE14}.Release|x86.Build.0 = Release|Any CPU
		{5690BDCF-1E8D-4F18-8E4D-93108D70E596}.Debug|Any CPU.ActiveCfg = Debug|Any CPU
		{5690BDCF-1E8D-4F18-8E4D-93108D70E596}.Debug|Any CPU.Build.0 = Debug|Any CPU
		{5690BDCF-1E8D-4F18-8E4D-93108D70E596}.Debug|x64.ActiveCfg = Debug|Any CPU
		{5690BDCF-1E8D-4F18-8E4D-93108D70E596}.Debug|x64.Build.0 = Debug|Any CPU
		{5690BDCF-1E8D-4F18-8E4D-93108D70E596}.Debug|x86.ActiveCfg = Debug|Any CPU
		{5690BDCF-1E8D-4F18-8E4D-93108D70E596}.Debug|x86.Build.0 = Debug|Any CPU
		{5690BDCF-1E8D-4F18-8E4D-93108D70E596}.Release|Any CPU.ActiveCfg = Release|Any CPU
		{5690BDCF-1E8D-4F18-8E4D-93108D70E596}.Release|Any CPU.Build.0 = Release|Any CPU
		{5690BDCF-1E8D-4F18-8E4D-93108D70E596}.Release|x64.ActiveCfg = Release|Any CPU
		{5690BDCF-1E8D-4F18-8E4D-93108D70E596}.Release|x64.Build.0 = Release|Any CPU
		{5690BDCF-1E8D-4F18-8E4D-93108D70E596}.Release|x86.ActiveCfg = Release|Any CPU
		{5690BDCF-1E8D-4F18-8E4D-93108D70E596}.Release|x86.Build.0 = Release|Any CPU
		{48282DCA-1A39-4CD5-AA88-35C926EBA3B9}.Debug|Any CPU.ActiveCfg = Debug|Any CPU
		{48282DCA-1A39-4CD5-AA88-35C926EBA3B9}.Debug|Any CPU.Build.0 = Debug|Any CPU
		{48282DCA-1A39-4CD5-AA88-35C926EBA3B9}.Debug|x64.ActiveCfg = Debug|Any CPU
		{48282DCA-1A39-4CD5-AA88-35C926EBA3B9}.Debug|x64.Build.0 = Debug|Any CPU
		{48282DCA-1A39-4CD5-AA88-35C926EBA3B9}.Debug|x86.ActiveCfg = Debug|Any CPU
		{48282DCA-1A39-4CD5-AA88-35C926EBA3B9}.Debug|x86.Build.0 = Debug|Any CPU
		{48282DCA-1A39-4CD5-AA88-35C926EBA3B9}.Release|Any CPU.ActiveCfg = Release|Any CPU
		{48282DCA-1A39-4CD5-AA88-35C926EBA3B9}.Release|Any CPU.Build.0 = Release|Any CPU
		{48282DCA-1A39-4CD5-AA88-35C926EBA3B9}.Release|x64.ActiveCfg = Release|Any CPU
		{48282DCA-1A39-4CD5-AA88-35C926EBA3B9}.Release|x64.Build.0 = Release|Any CPU
		{48282DCA-1A39-4CD5-AA88-35C926EBA3B9}.Release|x86.ActiveCfg = Release|Any CPU
		{48282DCA-1A39-4CD5-AA88-35C926EBA3B9}.Release|x86.Build.0 = Release|Any CPU
		{E98134E8-4C8F-41D8-A275-BC193B0B6BFC}.Debug|Any CPU.ActiveCfg = Debug|Any CPU
		{E98134E8-4C8F-41D8-A275-BC193B0B6BFC}.Debug|Any CPU.Build.0 = Debug|Any CPU
		{E98134E8-4C8F-41D8-A275-BC193B0B6BFC}.Debug|x64.ActiveCfg = Debug|Any CPU
		{E98134E8-4C8F-41D8-A275-BC193B0B6BFC}.Debug|x64.Build.0 = Debug|Any CPU
		{E98134E8-4C8F-41D8-A275-BC193B0B6BFC}.Debug|x86.ActiveCfg = Debug|Any CPU
		{E98134E8-4C8F-41D8-A275-BC193B0B6BFC}.Debug|x86.Build.0 = Debug|Any CPU
		{E98134E8-4C8F-41D8-A275-BC193B0B6BFC}.Release|Any CPU.ActiveCfg = Release|Any CPU
		{E98134E8-4C8F-41D8-A275-BC193B0B6BFC}.Release|Any CPU.Build.0 = Release|Any CPU
		{E98134E8-4C8F-41D8-A275-BC193B0B6BFC}.Release|x64.ActiveCfg = Release|Any CPU
		{E98134E8-4C8F-41D8-A275-BC193B0B6BFC}.Release|x64.Build.0 = Release|Any CPU
		{E98134E8-4C8F-41D8-A275-BC193B0B6BFC}.Release|x86.ActiveCfg = Release|Any CPU
		{E98134E8-4C8F-41D8-A275-BC193B0B6BFC}.Release|x86.Build.0 = Release|Any CPU
		{271CAAE3-256E-4633-9886-47995A57942E}.Debug|Any CPU.ActiveCfg = Debug|Any CPU
		{271CAAE3-256E-4633-9886-47995A57942E}.Debug|Any CPU.Build.0 = Debug|Any CPU
		{271CAAE3-256E-4633-9886-47995A57942E}.Debug|x64.ActiveCfg = Debug|Any CPU
		{271CAAE3-256E-4633-9886-47995A57942E}.Debug|x64.Build.0 = Debug|Any CPU
		{271CAAE3-256E-4633-9886-47995A57942E}.Debug|x86.ActiveCfg = Debug|Any CPU
		{271CAAE3-256E-4633-9886-47995A57942E}.Debug|x86.Build.0 = Debug|Any CPU
		{271CAAE3-256E-4633-9886-47995A57942E}.Release|Any CPU.ActiveCfg = Release|Any CPU
		{271CAAE3-256E-4633-9886-47995A57942E}.Release|Any CPU.Build.0 = Release|Any CPU
		{271CAAE3-256E-4633-9886-47995A57942E}.Release|x64.ActiveCfg = Release|Any CPU
		{271CAAE3-256E-4633-9886-47995A57942E}.Release|x64.Build.0 = Release|Any CPU
		{271CAAE3-256E-4633-9886-47995A57942E}.Release|x86.ActiveCfg = Release|Any CPU
		{271CAAE3-256E-4633-9886-47995A57942E}.Release|x86.Build.0 = Release|Any CPU
		{1A7E8798-5ACB-4AE9-A4C1-7253C75647E2}.Debug|Any CPU.ActiveCfg = Debug|Any CPU
		{1A7E8798-5ACB-4AE9-A4C1-7253C75647E2}.Debug|Any CPU.Build.0 = Debug|Any CPU
		{1A7E8798-5ACB-4AE9-A4C1-7253C75647E2}.Debug|x64.ActiveCfg = Debug|Any CPU
		{1A7E8798-5ACB-4AE9-A4C1-7253C75647E2}.Debug|x64.Build.0 = Debug|Any CPU
		{1A7E8798-5ACB-4AE9-A4C1-7253C75647E2}.Debug|x86.ActiveCfg = Debug|Any CPU
		{1A7E8798-5ACB-4AE9-A4C1-7253C75647E2}.Debug|x86.Build.0 = Debug|Any CPU
		{1A7E8798-5ACB-4AE9-A4C1-7253C75647E2}.Release|Any CPU.ActiveCfg = Release|Any CPU
		{1A7E8798-5ACB-4AE9-A4C1-7253C75647E2}.Release|Any CPU.Build.0 = Release|Any CPU
		{1A7E8798-5ACB-4AE9-A4C1-7253C75647E2}.Release|x64.ActiveCfg = Release|Any CPU
		{1A7E8798-5ACB-4AE9-A4C1-7253C75647E2}.Release|x64.Build.0 = Release|Any CPU
		{1A7E8798-5ACB-4AE9-A4C1-7253C75647E2}.Release|x86.ActiveCfg = Release|Any CPU
		{1A7E8798-5ACB-4AE9-A4C1-7253C75647E2}.Release|x86.Build.0 = Release|Any CPU
		{0FC64702-D3FF-405A-B7F6-09B37C42DA58}.Debug|Any CPU.ActiveCfg = Debug|Any CPU
		{0FC64702-D3FF-405A-B7F6-09B37C42DA58}.Debug|Any CPU.Build.0 = Debug|Any CPU
		{0FC64702-D3FF-405A-B7F6-09B37C42DA58}.Debug|x64.ActiveCfg = Debug|Any CPU
		{0FC64702-D3FF-405A-B7F6-09B37C42DA58}.Debug|x64.Build.0 = Debug|Any CPU
		{0FC64702-D3FF-405A-B7F6-09B37C42DA58}.Debug|x86.ActiveCfg = Debug|Any CPU
		{0FC64702-D3FF-405A-B7F6-09B37C42DA58}.Debug|x86.Build.0 = Debug|Any CPU
		{0FC64702-D3FF-405A-B7F6-09B37C42DA58}.Release|Any CPU.ActiveCfg = Release|Any CPU
		{0FC64702-D3FF-405A-B7F6-09B37C42DA58}.Release|Any CPU.Build.0 = Release|Any CPU
		{0FC64702-D3FF-405A-B7F6-09B37C42DA58}.Release|x64.ActiveCfg = Release|Any CPU
		{0FC64702-D3FF-405A-B7F6-09B37C42DA58}.Release|x64.Build.0 = Release|Any CPU
		{0FC64702-D3FF-405A-B7F6-09B37C42DA58}.Release|x86.ActiveCfg = Release|Any CPU
		{0FC64702-D3FF-405A-B7F6-09B37C42DA58}.Release|x86.Build.0 = Release|Any CPU
		{851430EC-8363-4887-AA8E-184027F329F8}.Debug|Any CPU.ActiveCfg = Debug|Any CPU
		{851430EC-8363-4887-AA8E-184027F329F8}.Debug|Any CPU.Build.0 = Debug|Any CPU
		{851430EC-8363-4887-AA8E-184027F329F8}.Debug|x64.ActiveCfg = Debug|Any CPU
		{851430EC-8363-4887-AA8E-184027F329F8}.Debug|x64.Build.0 = Debug|Any CPU
		{851430EC-8363-4887-AA8E-184027F329F8}.Debug|x86.ActiveCfg = Debug|Any CPU
		{851430EC-8363-4887-AA8E-184027F329F8}.Debug|x86.Build.0 = Debug|Any CPU
		{851430EC-8363-4887-AA8E-184027F329F8}.Release|Any CPU.ActiveCfg = Release|Any CPU
		{851430EC-8363-4887-AA8E-184027F329F8}.Release|Any CPU.Build.0 = Release|Any CPU
		{851430EC-8363-4887-AA8E-184027F329F8}.Release|x64.ActiveCfg = Release|Any CPU
		{851430EC-8363-4887-AA8E-184027F329F8}.Release|x64.Build.0 = Release|Any CPU
		{851430EC-8363-4887-AA8E-184027F329F8}.Release|x86.ActiveCfg = Release|Any CPU
		{851430EC-8363-4887-AA8E-184027F329F8}.Release|x86.Build.0 = Release|Any CPU
		{2A49B426-68F9-4962-9AF4-2FA8CF42BDBA}.Debug|Any CPU.ActiveCfg = Debug|Any CPU
		{2A49B426-68F9-4962-9AF4-2FA8CF42BDBA}.Debug|Any CPU.Build.0 = Debug|Any CPU
		{2A49B426-68F9-4962-9AF4-2FA8CF42BDBA}.Debug|x64.ActiveCfg = Debug|Any CPU
		{2A49B426-68F9-4962-9AF4-2FA8CF42BDBA}.Debug|x64.Build.0 = Debug|Any CPU
		{2A49B426-68F9-4962-9AF4-2FA8CF42BDBA}.Debug|x86.ActiveCfg = Debug|Any CPU
		{2A49B426-68F9-4962-9AF4-2FA8CF42BDBA}.Debug|x86.Build.0 = Debug|Any CPU
		{2A49B426-68F9-4962-9AF4-2FA8CF42BDBA}.Release|Any CPU.ActiveCfg = Release|Any CPU
		{2A49B426-68F9-4962-9AF4-2FA8CF42BDBA}.Release|Any CPU.Build.0 = Release|Any CPU
		{2A49B426-68F9-4962-9AF4-2FA8CF42BDBA}.Release|x64.ActiveCfg = Release|Any CPU
		{2A49B426-68F9-4962-9AF4-2FA8CF42BDBA}.Release|x64.Build.0 = Release|Any CPU
		{2A49B426-68F9-4962-9AF4-2FA8CF42BDBA}.Release|x86.ActiveCfg = Release|Any CPU
		{2A49B426-68F9-4962-9AF4-2FA8CF42BDBA}.Release|x86.Build.0 = Release|Any CPU
		{9C2D4E5F-6A7B-8C9D-0E1F-2A3B4C5D6E7F}.Debug|Any CPU.ActiveCfg = Debug|Any CPU
		{9C2D4E5F-6A7B-8C9D-0E1F-2A3B4C5D6E7F}.Debug|Any CPU.Build.0 = Debug|Any CPU
		{9C2D4E5F-6A7B-8C9D-0E1F-2A3B4C5D6E7F}.Debug|x64.ActiveCfg = Debug|Any CPU
		{9C2D4E5F-6A7B-8C9D-0E1F-2A3B4C5D6E7F}.Debug|x64.Build.0 = Debug|Any CPU
		{9C2D4E5F-6A7B-8C9D-0E1F-2A3B4C5D6E7F}.Debug|x86.ActiveCfg = Debug|Any CPU
		{9C2D4E5F-6A7B-8C9D-0E1F-2A3B4C5D6E7F}.Debug|x86.Build.0 = Debug|Any CPU
		{9C2D4E5F-6A7B-8C9D-0E1F-2A3B4C5D6E7F}.Release|Any CPU.ActiveCfg = Release|Any CPU
		{9C2D4E5F-6A7B-8C9D-0E1F-2A3B4C5D6E7F}.Release|Any CPU.Build.0 = Release|Any CPU
		{9C2D4E5F-6A7B-8C9D-0E1F-2A3B4C5D6E7F}.Release|x64.ActiveCfg = Release|Any CPU
		{9C2D4E5F-6A7B-8C9D-0E1F-2A3B4C5D6E7F}.Release|x64.Build.0 = Release|Any CPU
		{9C2D4E5F-6A7B-8C9D-0E1F-2A3B4C5D6E7F}.Release|x86.ActiveCfg = Release|Any CPU
		{9C2D4E5F-6A7B-8C9D-0E1F-2A3B4C5D6E7F}.Release|x86.Build.0 = Release|Any CPU
		{12526B41-B752-41AD-9F66-81C60EE17146}.Debug|Any CPU.ActiveCfg = Debug|Any CPU
		{12526B41-B752-41AD-9F66-81C60EE17146}.Debug|Any CPU.Build.0 = Debug|Any CPU
		{12526B41-B752-41AD-9F66-81C60EE17146}.Debug|x64.ActiveCfg = Debug|Any CPU
		{12526B41-B752-41AD-9F66-81C60EE17146}.Debug|x64.Build.0 = Debug|Any CPU
		{12526B41-B752-41AD-9F66-81C60EE17146}.Debug|x86.ActiveCfg = Debug|Any CPU
		{12526B41-B752-41AD-9F66-81C60EE17146}.Debug|x86.Build.0 = Debug|Any CPU
		{12526B41-B752-41AD-9F66-81C60EE17146}.Release|Any CPU.ActiveCfg = Release|Any CPU
		{12526B41-B752-41AD-9F66-81C60EE17146}.Release|Any CPU.Build.0 = Release|Any CPU
		{12526B41-B752-41AD-9F66-81C60EE17146}.Release|x64.ActiveCfg = Release|Any CPU
		{12526B41-B752-41AD-9F66-81C60EE17146}.Release|x64.Build.0 = Release|Any CPU
		{12526B41-B752-41AD-9F66-81C60EE17146}.Release|x86.ActiveCfg = Release|Any CPU
		{12526B41-B752-41AD-9F66-81C60EE17146}.Release|x86.Build.0 = Release|Any CPU
		{31EB0487-A175-4528-BA77-1CA03F83526E}.Debug|Any CPU.ActiveCfg = Debug|Any CPU
		{31EB0487-A175-4528-BA77-1CA03F83526E}.Debug|Any CPU.Build.0 = Debug|Any CPU
		{31EB0487-A175-4528-BA77-1CA03F83526E}.Debug|x64.ActiveCfg = Debug|Any CPU
		{31EB0487-A175-4528-BA77-1CA03F83526E}.Debug|x64.Build.0 = Debug|Any CPU
		{31EB0487-A175-4528-BA77-1CA03F83526E}.Debug|x86.ActiveCfg = Debug|Any CPU
		{31EB0487-A175-4528-BA77-1CA03F83526E}.Debug|x86.Build.0 = Debug|Any CPU
		{31EB0487-A175-4528-BA77-1CA03F83526E}.Release|Any CPU.ActiveCfg = Release|Any CPU
		{31EB0487-A175-4528-BA77-1CA03F83526E}.Release|Any CPU.Build.0 = Release|Any CPU
		{31EB0487-A175-4528-BA77-1CA03F83526E}.Release|x64.ActiveCfg = Release|Any CPU
		{31EB0487-A175-4528-BA77-1CA03F83526E}.Release|x64.Build.0 = Release|Any CPU
		{31EB0487-A175-4528-BA77-1CA03F83526E}.Release|x86.ActiveCfg = Release|Any CPU
		{31EB0487-A175-4528-BA77-1CA03F83526E}.Release|x86.Build.0 = Release|Any CPU
		{8A7D3F12-9B8E-4C21-A6F5-3D4E5F6A7B8C}.Debug|Any CPU.ActiveCfg = Debug|Any CPU
		{8A7D3F12-9B8E-4C21-A6F5-3D4E5F6A7B8C}.Debug|Any CPU.Build.0 = Debug|Any CPU
		{8A7D3F12-9B8E-4C21-A6F5-3D4E5F6A7B8C}.Debug|x64.ActiveCfg = Debug|Any CPU
		{8A7D3F12-9B8E-4C21-A6F5-3D4E5F6A7B8C}.Debug|x64.Build.0 = Debug|Any CPU
		{8A7D3F12-9B8E-4C21-A6F5-3D4E5F6A7B8C}.Debug|x86.ActiveCfg = Debug|Any CPU
		{8A7D3F12-9B8E-4C21-A6F5-3D4E5F6A7B8C}.Debug|x86.Build.0 = Debug|Any CPU
		{8A7D3F12-9B8E-4C21-A6F5-3D4E5F6A7B8C}.Release|Any CPU.ActiveCfg = Release|Any CPU
		{8A7D3F12-9B8E-4C21-A6F5-3D4E5F6A7B8C}.Release|Any CPU.Build.0 = Release|Any CPU
		{8A7D3F12-9B8E-4C21-A6F5-3D4E5F6A7B8C}.Release|x64.ActiveCfg = Release|Any CPU
		{8A7D3F12-9B8E-4C21-A6F5-3D4E5F6A7B8C}.Release|x64.Build.0 = Release|Any CPU
		{8A7D3F12-9B8E-4C21-A6F5-3D4E5F6A7B8C}.Release|x86.ActiveCfg = Release|Any CPU
		{8A7D3F12-9B8E-4C21-A6F5-3D4E5F6A7B8C}.Release|x86.Build.0 = Release|Any CPU
		{1056C931-0D3D-430C-9BB0-581942471391}.Debug|Any CPU.ActiveCfg = Debug|Any CPU
		{1056C931-0D3D-430C-9BB0-581942471391}.Debug|Any CPU.Build.0 = Debug|Any CPU
		{1056C931-0D3D-430C-9BB0-581942471391}.Debug|x64.ActiveCfg = Debug|Any CPU
		{1056C931-0D3D-430C-9BB0-581942471391}.Debug|x64.Build.0 = Debug|Any CPU
		{1056C931-0D3D-430C-9BB0-581942471391}.Debug|x86.ActiveCfg = Debug|Any CPU
		{1056C931-0D3D-430C-9BB0-581942471391}.Debug|x86.Build.0 = Debug|Any CPU
		{1056C931-0D3D-430C-9BB0-581942471391}.Release|Any CPU.ActiveCfg = Release|Any CPU
		{1056C931-0D3D-430C-9BB0-581942471391}.Release|Any CPU.Build.0 = Release|Any CPU
		{1056C931-0D3D-430C-9BB0-581942471391}.Release|x64.ActiveCfg = Release|Any CPU
		{1056C931-0D3D-430C-9BB0-581942471391}.Release|x64.Build.0 = Release|Any CPU
		{1056C931-0D3D-430C-9BB0-581942471391}.Release|x86.ActiveCfg = Release|Any CPU
		{1056C931-0D3D-430C-9BB0-581942471391}.Release|x86.Build.0 = Release|Any CPU
		{CE0B486A-D0CB-4AAC-AA9A-D894E6386F40}.Debug|Any CPU.ActiveCfg = Debug|Any CPU
		{CE0B486A-D0CB-4AAC-AA9A-D894E6386F40}.Debug|Any CPU.Build.0 = Debug|Any CPU
		{CE0B486A-D0CB-4AAC-AA9A-D894E6386F40}.Debug|x64.ActiveCfg = Debug|Any CPU
		{CE0B486A-D0CB-4AAC-AA9A-D894E6386F40}.Debug|x64.Build.0 = Debug|Any CPU
		{CE0B486A-D0CB-4AAC-AA9A-D894E6386F40}.Debug|x86.ActiveCfg = Debug|Any CPU
		{CE0B486A-D0CB-4AAC-AA9A-D894E6386F40}.Debug|x86.Build.0 = Debug|Any CPU
		{CE0B486A-D0CB-4AAC-AA9A-D894E6386F40}.Release|Any CPU.ActiveCfg = Release|Any CPU
		{CE0B486A-D0CB-4AAC-AA9A-D894E6386F40}.Release|Any CPU.Build.0 = Release|Any CPU
		{CE0B486A-D0CB-4AAC-AA9A-D894E6386F40}.Release|x64.ActiveCfg = Release|Any CPU
		{CE0B486A-D0CB-4AAC-AA9A-D894E6386F40}.Release|x64.Build.0 = Release|Any CPU
		{CE0B486A-D0CB-4AAC-AA9A-D894E6386F40}.Release|x86.ActiveCfg = Release|Any CPU
		{CE0B486A-D0CB-4AAC-AA9A-D894E6386F40}.Release|x86.Build.0 = Release|Any CPU
		{AC93392A-37BA-4408-A203-CDCD85C0384F}.Debug|Any CPU.ActiveCfg = Debug|Any CPU
		{AC93392A-37BA-4408-A203-CDCD85C0384F}.Debug|Any CPU.Build.0 = Debug|Any CPU
		{AC93392A-37BA-4408-A203-CDCD85C0384F}.Debug|x64.ActiveCfg = Debug|Any CPU
		{AC93392A-37BA-4408-A203-CDCD85C0384F}.Debug|x64.Build.0 = Debug|Any CPU
		{AC93392A-37BA-4408-A203-CDCD85C0384F}.Debug|x86.ActiveCfg = Debug|Any CPU
		{AC93392A-37BA-4408-A203-CDCD85C0384F}.Debug|x86.Build.0 = Debug|Any CPU
		{AC93392A-37BA-4408-A203-CDCD85C0384F}.Release|Any CPU.ActiveCfg = Release|Any CPU
		{AC93392A-37BA-4408-A203-CDCD85C0384F}.Release|Any CPU.Build.0 = Release|Any CPU
		{AC93392A-37BA-4408-A203-CDCD85C0384F}.Release|x64.ActiveCfg = Release|Any CPU
		{AC93392A-37BA-4408-A203-CDCD85C0384F}.Release|x64.Build.0 = Release|Any CPU
		{AC93392A-37BA-4408-A203-CDCD85C0384F}.Release|x86.ActiveCfg = Release|Any CPU
		{AC93392A-37BA-4408-A203-CDCD85C0384F}.Release|x86.Build.0 = Release|Any CPU
		{8C3828E9-B976-438E-B219-C893BC1BBE57}.Debug|Any CPU.ActiveCfg = Debug|Any CPU
		{8C3828E9-B976-438E-B219-C893BC1BBE57}.Debug|Any CPU.Build.0 = Debug|Any CPU
		{8C3828E9-B976-438E-B219-C893BC1BBE57}.Debug|x64.ActiveCfg = Debug|Any CPU
		{8C3828E9-B976-438E-B219-C893BC1BBE57}.Debug|x64.Build.0 = Debug|Any CPU
		{8C3828E9-B976-438E-B219-C893BC1BBE57}.Debug|x86.ActiveCfg = Debug|Any CPU
		{8C3828E9-B976-438E-B219-C893BC1BBE57}.Debug|x86.Build.0 = Debug|Any CPU
		{8C3828E9-B976-438E-B219-C893BC1BBE57}.Release|Any CPU.ActiveCfg = Release|Any CPU
		{8C3828E9-B976-438E-B219-C893BC1BBE57}.Release|Any CPU.Build.0 = Release|Any CPU
		{8C3828E9-B976-438E-B219-C893BC1BBE57}.Release|x64.ActiveCfg = Release|Any CPU
		{8C3828E9-B976-438E-B219-C893BC1BBE57}.Release|x64.Build.0 = Release|Any CPU
		{8C3828E9-B976-438E-B219-C893BC1BBE57}.Release|x86.ActiveCfg = Release|Any CPU
		{8C3828E9-B976-438E-B219-C893BC1BBE57}.Release|x86.Build.0 = Release|Any CPU
		{EF3830D0-C945-4D4E-990E-E58275041404}.Debug|Any CPU.ActiveCfg = Debug|Any CPU
		{EF3830D0-C945-4D4E-990E-E58275041404}.Debug|Any CPU.Build.0 = Debug|Any CPU
		{EF3830D0-C945-4D4E-990E-E58275041404}.Debug|x64.ActiveCfg = Debug|Any CPU
		{EF3830D0-C945-4D4E-990E-E58275041404}.Debug|x64.Build.0 = Debug|Any CPU
		{EF3830D0-C945-4D4E-990E-E58275041404}.Debug|x86.ActiveCfg = Debug|Any CPU
		{EF3830D0-C945-4D4E-990E-E58275041404}.Debug|x86.Build.0 = Debug|Any CPU
		{EF3830D0-C945-4D4E-990E-E58275041404}.Release|Any CPU.ActiveCfg = Release|Any CPU
		{EF3830D0-C945-4D4E-990E-E58275041404}.Release|Any CPU.Build.0 = Release|Any CPU
		{EF3830D0-C945-4D4E-990E-E58275041404}.Release|x64.ActiveCfg = Release|Any CPU
		{EF3830D0-C945-4D4E-990E-E58275041404}.Release|x64.Build.0 = Release|Any CPU
		{EF3830D0-C945-4D4E-990E-E58275041404}.Release|x86.ActiveCfg = Release|Any CPU
		{EF3830D0-C945-4D4E-990E-E58275041404}.Release|x86.Build.0 = Release|Any CPU
		{12896B61-0813-4518-ACDD-BCA8E3AAB4D5}.Debug|Any CPU.ActiveCfg = Debug|Any CPU
		{12896B61-0813-4518-ACDD-BCA8E3AAB4D5}.Debug|Any CPU.Build.0 = Debug|Any CPU
		{12896B61-0813-4518-ACDD-BCA8E3AAB4D5}.Debug|x64.ActiveCfg = Debug|Any CPU
		{12896B61-0813-4518-ACDD-BCA8E3AAB4D5}.Debug|x64.Build.0 = Debug|Any CPU
		{12896B61-0813-4518-ACDD-BCA8E3AAB4D5}.Debug|x86.ActiveCfg = Debug|Any CPU
		{12896B61-0813-4518-ACDD-BCA8E3AAB4D5}.Debug|x86.Build.0 = Debug|Any CPU
		{12896B61-0813-4518-ACDD-BCA8E3AAB4D5}.Release|Any CPU.ActiveCfg = Release|Any CPU
		{12896B61-0813-4518-ACDD-BCA8E3AAB4D5}.Release|Any CPU.Build.0 = Release|Any CPU
		{12896B61-0813-4518-ACDD-BCA8E3AAB4D5}.Release|x64.ActiveCfg = Release|Any CPU
		{12896B61-0813-4518-ACDD-BCA8E3AAB4D5}.Release|x64.Build.0 = Release|Any CPU
		{12896B61-0813-4518-ACDD-BCA8E3AAB4D5}.Release|x86.ActiveCfg = Release|Any CPU
		{12896B61-0813-4518-ACDD-BCA8E3AAB4D5}.Release|x86.Build.0 = Release|Any CPU
		{89EBA535-C29D-4A9B-857F-2C7F323BD827}.Debug|Any CPU.ActiveCfg = Debug|Any CPU
		{89EBA535-C29D-4A9B-857F-2C7F323BD827}.Debug|Any CPU.Build.0 = Debug|Any CPU
		{89EBA535-C29D-4A9B-857F-2C7F323BD827}.Debug|x64.ActiveCfg = Debug|Any CPU
		{89EBA535-C29D-4A9B-857F-2C7F323BD827}.Debug|x64.Build.0 = Debug|Any CPU
		{89EBA535-C29D-4A9B-857F-2C7F323BD827}.Debug|x86.ActiveCfg = Debug|Any CPU
		{89EBA535-C29D-4A9B-857F-2C7F323BD827}.Debug|x86.Build.0 = Debug|Any CPU
		{89EBA535-C29D-4A9B-857F-2C7F323BD827}.Release|Any CPU.ActiveCfg = Release|Any CPU
		{89EBA535-C29D-4A9B-857F-2C7F323BD827}.Release|Any CPU.Build.0 = Release|Any CPU
		{89EBA535-C29D-4A9B-857F-2C7F323BD827}.Release|x64.ActiveCfg = Release|Any CPU
		{89EBA535-C29D-4A9B-857F-2C7F323BD827}.Release|x64.Build.0 = Release|Any CPU
		{89EBA535-C29D-4A9B-857F-2C7F323BD827}.Release|x86.ActiveCfg = Release|Any CPU
		{89EBA535-C29D-4A9B-857F-2C7F323BD827}.Release|x86.Build.0 = Release|Any CPU
		{05C726CC-6B7E-42D9-8EE4-FF51232FD873}.Debug|Any CPU.ActiveCfg = Debug|Any CPU
		{05C726CC-6B7E-42D9-8EE4-FF51232FD873}.Debug|Any CPU.Build.0 = Debug|Any CPU
		{05C726CC-6B7E-42D9-8EE4-FF51232FD873}.Debug|x64.ActiveCfg = Debug|Any CPU
		{05C726CC-6B7E-42D9-8EE4-FF51232FD873}.Debug|x64.Build.0 = Debug|Any CPU
		{05C726CC-6B7E-42D9-8EE4-FF51232FD873}.Debug|x86.ActiveCfg = Debug|Any CPU
		{05C726CC-6B7E-42D9-8EE4-FF51232FD873}.Debug|x86.Build.0 = Debug|Any CPU
		{05C726CC-6B7E-42D9-8EE4-FF51232FD873}.Release|Any CPU.ActiveCfg = Release|Any CPU
		{05C726CC-6B7E-42D9-8EE4-FF51232FD873}.Release|Any CPU.Build.0 = Release|Any CPU
		{05C726CC-6B7E-42D9-8EE4-FF51232FD873}.Release|x64.ActiveCfg = Release|Any CPU
		{05C726CC-6B7E-42D9-8EE4-FF51232FD873}.Release|x64.Build.0 = Release|Any CPU
		{05C726CC-6B7E-42D9-8EE4-FF51232FD873}.Release|x86.ActiveCfg = Release|Any CPU
		{05C726CC-6B7E-42D9-8EE4-FF51232FD873}.Release|x86.Build.0 = Release|Any CPU
		{1BC2014A-6FA7-4654-9009-D279FD8F6F12}.Debug|Any CPU.ActiveCfg = Debug|Any CPU
		{1BC2014A-6FA7-4654-9009-D279FD8F6F12}.Debug|Any CPU.Build.0 = Debug|Any CPU
		{1BC2014A-6FA7-4654-9009-D279FD8F6F12}.Debug|x64.ActiveCfg = Debug|Any CPU
		{1BC2014A-6FA7-4654-9009-D279FD8F6F12}.Debug|x64.Build.0 = Debug|Any CPU
		{1BC2014A-6FA7-4654-9009-D279FD8F6F12}.Debug|x86.ActiveCfg = Debug|Any CPU
		{1BC2014A-6FA7-4654-9009-D279FD8F6F12}.Debug|x86.Build.0 = Debug|Any CPU
		{1BC2014A-6FA7-4654-9009-D279FD8F6F12}.Release|Any CPU.ActiveCfg = Release|Any CPU
		{1BC2014A-6FA7-4654-9009-D279FD8F6F12}.Release|Any CPU.Build.0 = Release|Any CPU
		{1BC2014A-6FA7-4654-9009-D279FD8F6F12}.Release|x64.ActiveCfg = Release|Any CPU
		{1BC2014A-6FA7-4654-9009-D279FD8F6F12}.Release|x64.Build.0 = Release|Any CPU
		{1BC2014A-6FA7-4654-9009-D279FD8F6F12}.Release|x86.ActiveCfg = Release|Any CPU
		{1BC2014A-6FA7-4654-9009-D279FD8F6F12}.Release|x86.Build.0 = Release|Any CPU
		{7907C8A7-57DC-426E-8203-87C438767395}.Debug|Any CPU.ActiveCfg = Debug|Any CPU
		{7907C8A7-57DC-426E-8203-87C438767395}.Debug|Any CPU.Build.0 = Debug|Any CPU
		{7907C8A7-57DC-426E-8203-87C438767395}.Debug|x64.ActiveCfg = Debug|Any CPU
		{7907C8A7-57DC-426E-8203-87C438767395}.Debug|x64.Build.0 = Debug|Any CPU
		{7907C8A7-57DC-426E-8203-87C438767395}.Debug|x86.ActiveCfg = Debug|Any CPU
		{7907C8A7-57DC-426E-8203-87C438767395}.Debug|x86.Build.0 = Debug|Any CPU
		{7907C8A7-57DC-426E-8203-87C438767395}.Release|Any CPU.ActiveCfg = Release|Any CPU
		{7907C8A7-57DC-426E-8203-87C438767395}.Release|Any CPU.Build.0 = Release|Any CPU
		{7907C8A7-57DC-426E-8203-87C438767395}.Release|x64.ActiveCfg = Release|Any CPU
		{7907C8A7-57DC-426E-8203-87C438767395}.Release|x64.Build.0 = Release|Any CPU
		{7907C8A7-57DC-426E-8203-87C438767395}.Release|x86.ActiveCfg = Release|Any CPU
		{7907C8A7-57DC-426E-8203-87C438767395}.Release|x86.Build.0 = Release|Any CPU
		{8C1A25EF-729D-4F0D-B554-494F6B4BAC90}.Debug|Any CPU.ActiveCfg = Debug|Any CPU
		{8C1A25EF-729D-4F0D-B554-494F6B4BAC90}.Debug|Any CPU.Build.0 = Debug|Any CPU
		{8C1A25EF-729D-4F0D-B554-494F6B4BAC90}.Debug|x64.ActiveCfg = Debug|Any CPU
		{8C1A25EF-729D-4F0D-B554-494F6B4BAC90}.Debug|x64.Build.0 = Debug|Any CPU
		{8C1A25EF-729D-4F0D-B554-494F6B4BAC90}.Debug|x86.ActiveCfg = Debug|Any CPU
		{8C1A25EF-729D-4F0D-B554-494F6B4BAC90}.Debug|x86.Build.0 = Debug|Any CPU
		{8C1A25EF-729D-4F0D-B554-494F6B4BAC90}.Release|Any CPU.ActiveCfg = Release|Any CPU
		{8C1A25EF-729D-4F0D-B554-494F6B4BAC90}.Release|Any CPU.Build.0 = Release|Any CPU
		{8C1A25EF-729D-4F0D-B554-494F6B4BAC90}.Release|x64.ActiveCfg = Release|Any CPU
		{8C1A25EF-729D-4F0D-B554-494F6B4BAC90}.Release|x64.Build.0 = Release|Any CPU
		{8C1A25EF-729D-4F0D-B554-494F6B4BAC90}.Release|x86.ActiveCfg = Release|Any CPU
		{8C1A25EF-729D-4F0D-B554-494F6B4BAC90}.Release|x86.Build.0 = Release|Any CPU
		{67B1852A-59A5-4509-AFBF-387A4F2B7393}.Debug|Any CPU.ActiveCfg = Debug|Any CPU
		{67B1852A-59A5-4509-AFBF-387A4F2B7393}.Debug|Any CPU.Build.0 = Debug|Any CPU
		{67B1852A-59A5-4509-AFBF-387A4F2B7393}.Debug|x64.ActiveCfg = Debug|Any CPU
		{67B1852A-59A5-4509-AFBF-387A4F2B7393}.Debug|x64.Build.0 = Debug|Any CPU
		{67B1852A-59A5-4509-AFBF-387A4F2B7393}.Debug|x86.ActiveCfg = Debug|Any CPU
		{67B1852A-59A5-4509-AFBF-387A4F2B7393}.Debug|x86.Build.0 = Debug|Any CPU
		{67B1852A-59A5-4509-AFBF-387A4F2B7393}.Release|Any CPU.ActiveCfg = Release|Any CPU
		{67B1852A-59A5-4509-AFBF-387A4F2B7393}.Release|Any CPU.Build.0 = Release|Any CPU
		{67B1852A-59A5-4509-AFBF-387A4F2B7393}.Release|x64.ActiveCfg = Release|Any CPU
		{67B1852A-59A5-4509-AFBF-387A4F2B7393}.Release|x64.Build.0 = Release|Any CPU
		{67B1852A-59A5-4509-AFBF-387A4F2B7393}.Release|x86.ActiveCfg = Release|Any CPU
		{67B1852A-59A5-4509-AFBF-387A4F2B7393}.Release|x86.Build.0 = Release|Any CPU
		{664C0BAA-5A83-4261-B46B-5396E9441C6B}.Debug|Any CPU.ActiveCfg = Debug|Any CPU
		{664C0BAA-5A83-4261-B46B-5396E9441C6B}.Debug|Any CPU.Build.0 = Debug|Any CPU
		{664C0BAA-5A83-4261-B46B-5396E9441C6B}.Debug|x64.ActiveCfg = Debug|Any CPU
		{664C0BAA-5A83-4261-B46B-5396E9441C6B}.Debug|x64.Build.0 = Debug|Any CPU
		{664C0BAA-5A83-4261-B46B-5396E9441C6B}.Debug|x86.ActiveCfg = Debug|Any CPU
		{664C0BAA-5A83-4261-B46B-5396E9441C6B}.Debug|x86.Build.0 = Debug|Any CPU
		{664C0BAA-5A83-4261-B46B-5396E9441C6B}.Release|Any CPU.ActiveCfg = Release|Any CPU
		{664C0BAA-5A83-4261-B46B-5396E9441C6B}.Release|Any CPU.Build.0 = Release|Any CPU
		{664C0BAA-5A83-4261-B46B-5396E9441C6B}.Release|x64.ActiveCfg = Release|Any CPU
		{664C0BAA-5A83-4261-B46B-5396E9441C6B}.Release|x64.Build.0 = Release|Any CPU
		{664C0BAA-5A83-4261-B46B-5396E9441C6B}.Release|x86.ActiveCfg = Release|Any CPU
		{664C0BAA-5A83-4261-B46B-5396E9441C6B}.Release|x86.Build.0 = Release|Any CPU
		{F875283E-8FA1-4472-8452-FF9CF530C9FE}.Debug|Any CPU.ActiveCfg = Debug|Any CPU
		{F875283E-8FA1-4472-8452-FF9CF530C9FE}.Debug|Any CPU.Build.0 = Debug|Any CPU
		{F875283E-8FA1-4472-8452-FF9CF530C9FE}.Debug|x64.ActiveCfg = Debug|Any CPU
		{F875283E-8FA1-4472-8452-FF9CF530C9FE}.Debug|x64.Build.0 = Debug|Any CPU
		{F875283E-8FA1-4472-8452-FF9CF530C9FE}.Debug|x86.ActiveCfg = Debug|Any CPU
		{F875283E-8FA1-4472-8452-FF9CF530C9FE}.Debug|x86.Build.0 = Debug|Any CPU
		{F875283E-8FA1-4472-8452-FF9CF530C9FE}.Release|Any CPU.ActiveCfg = Release|Any CPU
		{F875283E-8FA1-4472-8452-FF9CF530C9FE}.Release|Any CPU.Build.0 = Release|Any CPU
		{F875283E-8FA1-4472-8452-FF9CF530C9FE}.Release|x64.ActiveCfg = Release|Any CPU
		{F875283E-8FA1-4472-8452-FF9CF530C9FE}.Release|x64.Build.0 = Release|Any CPU
		{F875283E-8FA1-4472-8452-FF9CF530C9FE}.Release|x86.ActiveCfg = Release|Any CPU
		{F875283E-8FA1-4472-8452-FF9CF530C9FE}.Release|x86.Build.0 = Release|Any CPU
		{1E57ABB3-4512-489D-911E-1438759C63B2}.Debug|Any CPU.ActiveCfg = Debug|Any CPU
		{1E57ABB3-4512-489D-911E-1438759C63B2}.Debug|Any CPU.Build.0 = Debug|Any CPU
		{1E57ABB3-4512-489D-911E-1438759C63B2}.Debug|x64.ActiveCfg = Debug|Any CPU
		{1E57ABB3-4512-489D-911E-1438759C63B2}.Debug|x64.Build.0 = Debug|Any CPU
		{1E57ABB3-4512-489D-911E-1438759C63B2}.Debug|x86.ActiveCfg = Debug|Any CPU
		{1E57ABB3-4512-489D-911E-1438759C63B2}.Debug|x86.Build.0 = Debug|Any CPU
		{1E57ABB3-4512-489D-911E-1438759C63B2}.Release|Any CPU.ActiveCfg = Release|Any CPU
		{1E57ABB3-4512-489D-911E-1438759C63B2}.Release|Any CPU.Build.0 = Release|Any CPU
		{1E57ABB3-4512-489D-911E-1438759C63B2}.Release|x64.ActiveCfg = Release|Any CPU
		{1E57ABB3-4512-489D-911E-1438759C63B2}.Release|x64.Build.0 = Release|Any CPU
		{1E57ABB3-4512-489D-911E-1438759C63B2}.Release|x86.ActiveCfg = Release|Any CPU
		{1E57ABB3-4512-489D-911E-1438759C63B2}.Release|x86.Build.0 = Release|Any CPU
		{7175F6F9-2654-4078-982D-B5DDE507F341}.Debug|Any CPU.ActiveCfg = Debug|Any CPU
		{7175F6F9-2654-4078-982D-B5DDE507F341}.Debug|Any CPU.Build.0 = Debug|Any CPU
		{7175F6F9-2654-4078-982D-B5DDE507F341}.Debug|x64.ActiveCfg = Debug|Any CPU
		{7175F6F9-2654-4078-982D-B5DDE507F341}.Debug|x64.Build.0 = Debug|Any CPU
		{7175F6F9-2654-4078-982D-B5DDE507F341}.Debug|x86.ActiveCfg = Debug|Any CPU
		{7175F6F9-2654-4078-982D-B5DDE507F341}.Debug|x86.Build.0 = Debug|Any CPU
		{7175F6F9-2654-4078-982D-B5DDE507F341}.Release|Any CPU.ActiveCfg = Release|Any CPU
		{7175F6F9-2654-4078-982D-B5DDE507F341}.Release|Any CPU.Build.0 = Release|Any CPU
		{7175F6F9-2654-4078-982D-B5DDE507F341}.Release|x64.ActiveCfg = Release|Any CPU
		{7175F6F9-2654-4078-982D-B5DDE507F341}.Release|x64.Build.0 = Release|Any CPU
		{7175F6F9-2654-4078-982D-B5DDE507F341}.Release|x86.ActiveCfg = Release|Any CPU
		{7175F6F9-2654-4078-982D-B5DDE507F341}.Release|x86.Build.0 = Release|Any CPU
		{F27214F9-8901-41B5-BFBC-B5654B722CCC}.Debug|Any CPU.ActiveCfg = Debug|Any CPU
		{F27214F9-8901-41B5-BFBC-B5654B722CCC}.Debug|Any CPU.Build.0 = Debug|Any CPU
		{F27214F9-8901-41B5-BFBC-B5654B722CCC}.Debug|x64.ActiveCfg = Debug|Any CPU
		{F27214F9-8901-41B5-BFBC-B5654B722CCC}.Debug|x64.Build.0 = Debug|Any CPU
		{F27214F9-8901-41B5-BFBC-B5654B722CCC}.Debug|x86.ActiveCfg = Debug|Any CPU
		{F27214F9-8901-41B5-BFBC-B5654B722CCC}.Debug|x86.Build.0 = Debug|Any CPU
		{F27214F9-8901-41B5-BFBC-B5654B722CCC}.Release|Any CPU.ActiveCfg = Release|Any CPU
		{F27214F9-8901-41B5-BFBC-B5654B722CCC}.Release|Any CPU.Build.0 = Release|Any CPU
		{F27214F9-8901-41B5-BFBC-B5654B722CCC}.Release|x64.ActiveCfg = Release|Any CPU
		{F27214F9-8901-41B5-BFBC-B5654B722CCC}.Release|x64.Build.0 = Release|Any CPU
		{F27214F9-8901-41B5-BFBC-B5654B722CCC}.Release|x86.ActiveCfg = Release|Any CPU
		{F27214F9-8901-41B5-BFBC-B5654B722CCC}.Release|x86.Build.0 = Release|Any CPU
		{B98EBC57-2F0E-4ACF-BFC2-C651ACAC75AC}.Debug|Any CPU.ActiveCfg = Debug|Any CPU
		{B98EBC57-2F0E-4ACF-BFC2-C651ACAC75AC}.Debug|Any CPU.Build.0 = Debug|Any CPU
		{B98EBC57-2F0E-4ACF-BFC2-C651ACAC75AC}.Debug|x64.ActiveCfg = Debug|Any CPU
		{B98EBC57-2F0E-4ACF-BFC2-C651ACAC75AC}.Debug|x64.Build.0 = Debug|Any CPU
		{B98EBC57-2F0E-4ACF-BFC2-C651ACAC75AC}.Debug|x86.ActiveCfg = Debug|Any CPU
		{B98EBC57-2F0E-4ACF-BFC2-C651ACAC75AC}.Debug|x86.Build.0 = Debug|Any CPU
		{B98EBC57-2F0E-4ACF-BFC2-C651ACAC75AC}.Release|Any CPU.ActiveCfg = Release|Any CPU
		{B98EBC57-2F0E-4ACF-BFC2-C651ACAC75AC}.Release|Any CPU.Build.0 = Release|Any CPU
		{B98EBC57-2F0E-4ACF-BFC2-C651ACAC75AC}.Release|x64.ActiveCfg = Release|Any CPU
		{B98EBC57-2F0E-4ACF-BFC2-C651ACAC75AC}.Release|x64.Build.0 = Release|Any CPU
		{B98EBC57-2F0E-4ACF-BFC2-C651ACAC75AC}.Release|x86.ActiveCfg = Release|Any CPU
		{B98EBC57-2F0E-4ACF-BFC2-C651ACAC75AC}.Release|x86.Build.0 = Release|Any CPU
		{65B8A4FD-2BB8-4607-918D-F427A73EDA46}.Debug|Any CPU.ActiveCfg = Debug|Any CPU
		{65B8A4FD-2BB8-4607-918D-F427A73EDA46}.Debug|Any CPU.Build.0 = Debug|Any CPU
		{65B8A4FD-2BB8-4607-918D-F427A73EDA46}.Debug|x64.ActiveCfg = Debug|Any CPU
		{65B8A4FD-2BB8-4607-918D-F427A73EDA46}.Debug|x64.Build.0 = Debug|Any CPU
		{65B8A4FD-2BB8-4607-918D-F427A73EDA46}.Debug|x86.ActiveCfg = Debug|Any CPU
		{65B8A4FD-2BB8-4607-918D-F427A73EDA46}.Debug|x86.Build.0 = Debug|Any CPU
		{65B8A4FD-2BB8-4607-918D-F427A73EDA46}.Release|Any CPU.ActiveCfg = Release|Any CPU
		{65B8A4FD-2BB8-4607-918D-F427A73EDA46}.Release|Any CPU.Build.0 = Release|Any CPU
		{65B8A4FD-2BB8-4607-918D-F427A73EDA46}.Release|x64.ActiveCfg = Release|Any CPU
		{65B8A4FD-2BB8-4607-918D-F427A73EDA46}.Release|x64.Build.0 = Release|Any CPU
		{65B8A4FD-2BB8-4607-918D-F427A73EDA46}.Release|x86.ActiveCfg = Release|Any CPU
		{65B8A4FD-2BB8-4607-918D-F427A73EDA46}.Release|x86.Build.0 = Release|Any CPU
		{7E5291C7-C4FC-4678-B500-5BEC8A8845DD}.Debug|Any CPU.ActiveCfg = Debug|Any CPU
		{7E5291C7-C4FC-4678-B500-5BEC8A8845DD}.Debug|Any CPU.Build.0 = Debug|Any CPU
		{7E5291C7-C4FC-4678-B500-5BEC8A8845DD}.Debug|x64.ActiveCfg = Debug|Any CPU
		{7E5291C7-C4FC-4678-B500-5BEC8A8845DD}.Debug|x64.Build.0 = Debug|Any CPU
		{7E5291C7-C4FC-4678-B500-5BEC8A8845DD}.Debug|x86.ActiveCfg = Debug|Any CPU
		{7E5291C7-C4FC-4678-B500-5BEC8A8845DD}.Debug|x86.Build.0 = Debug|Any CPU
		{7E5291C7-C4FC-4678-B500-5BEC8A8845DD}.Release|Any CPU.ActiveCfg = Release|Any CPU
		{7E5291C7-C4FC-4678-B500-5BEC8A8845DD}.Release|Any CPU.Build.0 = Release|Any CPU
		{7E5291C7-C4FC-4678-B500-5BEC8A8845DD}.Release|x64.ActiveCfg = Release|Any CPU
		{7E5291C7-C4FC-4678-B500-5BEC8A8845DD}.Release|x64.Build.0 = Release|Any CPU
		{7E5291C7-C4FC-4678-B500-5BEC8A8845DD}.Release|x86.ActiveCfg = Release|Any CPU
		{7E5291C7-C4FC-4678-B500-5BEC8A8845DD}.Release|x86.Build.0 = Release|Any CPU
		{86B58C5E-FA7F-4D06-A78E-B65AEE929E27}.Debug|Any CPU.ActiveCfg = Debug|Any CPU
		{86B58C5E-FA7F-4D06-A78E-B65AEE929E27}.Debug|Any CPU.Build.0 = Debug|Any CPU
		{86B58C5E-FA7F-4D06-A78E-B65AEE929E27}.Debug|x64.ActiveCfg = Debug|Any CPU
		{86B58C5E-FA7F-4D06-A78E-B65AEE929E27}.Debug|x64.Build.0 = Debug|Any CPU
		{86B58C5E-FA7F-4D06-A78E-B65AEE929E27}.Debug|x86.ActiveCfg = Debug|Any CPU
		{86B58C5E-FA7F-4D06-A78E-B65AEE929E27}.Debug|x86.Build.0 = Debug|Any CPU
		{86B58C5E-FA7F-4D06-A78E-B65AEE929E27}.Release|Any CPU.ActiveCfg = Release|Any CPU
		{86B58C5E-FA7F-4D06-A78E-B65AEE929E27}.Release|Any CPU.Build.0 = Release|Any CPU
		{86B58C5E-FA7F-4D06-A78E-B65AEE929E27}.Release|x64.ActiveCfg = Release|Any CPU
		{86B58C5E-FA7F-4D06-A78E-B65AEE929E27}.Release|x64.Build.0 = Release|Any CPU
		{86B58C5E-FA7F-4D06-A78E-B65AEE929E27}.Release|x86.ActiveCfg = Release|Any CPU
		{86B58C5E-FA7F-4D06-A78E-B65AEE929E27}.Release|x86.Build.0 = Release|Any CPU
		{70219BC0-271B-46A7-BEF9-2CED57D92F12}.Debug|Any CPU.ActiveCfg = Debug|Any CPU
		{70219BC0-271B-46A7-BEF9-2CED57D92F12}.Debug|Any CPU.Build.0 = Debug|Any CPU
		{70219BC0-271B-46A7-BEF9-2CED57D92F12}.Debug|x64.ActiveCfg = Debug|Any CPU
		{70219BC0-271B-46A7-BEF9-2CED57D92F12}.Debug|x64.Build.0 = Debug|Any CPU
		{70219BC0-271B-46A7-BEF9-2CED57D92F12}.Debug|x86.ActiveCfg = Debug|Any CPU
		{70219BC0-271B-46A7-BEF9-2CED57D92F12}.Debug|x86.Build.0 = Debug|Any CPU
		{70219BC0-271B-46A7-BEF9-2CED57D92F12}.Release|Any CPU.ActiveCfg = Release|Any CPU
		{70219BC0-271B-46A7-BEF9-2CED57D92F12}.Release|Any CPU.Build.0 = Release|Any CPU
		{70219BC0-271B-46A7-BEF9-2CED57D92F12}.Release|x64.ActiveCfg = Release|Any CPU
		{70219BC0-271B-46A7-BEF9-2CED57D92F12}.Release|x64.Build.0 = Release|Any CPU
		{70219BC0-271B-46A7-BEF9-2CED57D92F12}.Release|x86.ActiveCfg = Release|Any CPU
		{70219BC0-271B-46A7-BEF9-2CED57D92F12}.Release|x86.Build.0 = Release|Any CPU
		{A8833DBC-5550-435C-9EB3-2C2ACE7C6333}.Debug|Any CPU.ActiveCfg = Debug|Any CPU
		{A8833DBC-5550-435C-9EB3-2C2ACE7C6333}.Debug|Any CPU.Build.0 = Debug|Any CPU
		{A8833DBC-5550-435C-9EB3-2C2ACE7C6333}.Debug|x64.ActiveCfg = Debug|Any CPU
		{A8833DBC-5550-435C-9EB3-2C2ACE7C6333}.Debug|x64.Build.0 = Debug|Any CPU
		{A8833DBC-5550-435C-9EB3-2C2ACE7C6333}.Debug|x86.ActiveCfg = Debug|Any CPU
		{A8833DBC-5550-435C-9EB3-2C2ACE7C6333}.Debug|x86.Build.0 = Debug|Any CPU
		{A8833DBC-5550-435C-9EB3-2C2ACE7C6333}.Release|Any CPU.ActiveCfg = Release|Any CPU
		{A8833DBC-5550-435C-9EB3-2C2ACE7C6333}.Release|Any CPU.Build.0 = Release|Any CPU
		{A8833DBC-5550-435C-9EB3-2C2ACE7C6333}.Release|x64.ActiveCfg = Release|Any CPU
		{A8833DBC-5550-435C-9EB3-2C2ACE7C6333}.Release|x64.Build.0 = Release|Any CPU
		{A8833DBC-5550-435C-9EB3-2C2ACE7C6333}.Release|x86.ActiveCfg = Release|Any CPU
		{A8833DBC-5550-435C-9EB3-2C2ACE7C6333}.Release|x86.Build.0 = Release|Any CPU
		{9B471FFF-508D-4DA3-98D4-B519C89420ED}.Debug|Any CPU.ActiveCfg = Debug|Any CPU
		{9B471FFF-508D-4DA3-98D4-B519C89420ED}.Debug|Any CPU.Build.0 = Debug|Any CPU
		{9B471FFF-508D-4DA3-98D4-B519C89420ED}.Debug|x64.ActiveCfg = Debug|Any CPU
		{9B471FFF-508D-4DA3-98D4-B519C89420ED}.Debug|x64.Build.0 = Debug|Any CPU
		{9B471FFF-508D-4DA3-98D4-B519C89420ED}.Debug|x86.ActiveCfg = Debug|Any CPU
		{9B471FFF-508D-4DA3-98D4-B519C89420ED}.Debug|x86.Build.0 = Debug|Any CPU
		{9B471FFF-508D-4DA3-98D4-B519C89420ED}.Release|Any CPU.ActiveCfg = Release|Any CPU
		{9B471FFF-508D-4DA3-98D4-B519C89420ED}.Release|Any CPU.Build.0 = Release|Any CPU
		{9B471FFF-508D-4DA3-98D4-B519C89420ED}.Release|x64.ActiveCfg = Release|Any CPU
		{9B471FFF-508D-4DA3-98D4-B519C89420ED}.Release|x64.Build.0 = Release|Any CPU
		{9B471FFF-508D-4DA3-98D4-B519C89420ED}.Release|x86.ActiveCfg = Release|Any CPU
		{9B471FFF-508D-4DA3-98D4-B519C89420ED}.Release|x86.Build.0 = Release|Any CPU
		{EE9F3F1E-BF43-4430-AF52-9D55D2E5943D}.Debug|Any CPU.ActiveCfg = Debug|Any CPU
		{EE9F3F1E-BF43-4430-AF52-9D55D2E5943D}.Debug|Any CPU.Build.0 = Debug|Any CPU
		{EE9F3F1E-BF43-4430-AF52-9D55D2E5943D}.Debug|x64.ActiveCfg = Debug|Any CPU
		{EE9F3F1E-BF43-4430-AF52-9D55D2E5943D}.Debug|x64.Build.0 = Debug|Any CPU
		{EE9F3F1E-BF43-4430-AF52-9D55D2E5943D}.Debug|x86.ActiveCfg = Debug|Any CPU
		{EE9F3F1E-BF43-4430-AF52-9D55D2E5943D}.Debug|x86.Build.0 = Debug|Any CPU
		{EE9F3F1E-BF43-4430-AF52-9D55D2E5943D}.Release|Any CPU.ActiveCfg = Release|Any CPU
		{EE9F3F1E-BF43-4430-AF52-9D55D2E5943D}.Release|Any CPU.Build.0 = Release|Any CPU
		{EE9F3F1E-BF43-4430-AF52-9D55D2E5943D}.Release|x64.ActiveCfg = Release|Any CPU
		{EE9F3F1E-BF43-4430-AF52-9D55D2E5943D}.Release|x64.Build.0 = Release|Any CPU
		{EE9F3F1E-BF43-4430-AF52-9D55D2E5943D}.Release|x86.ActiveCfg = Release|Any CPU
		{EE9F3F1E-BF43-4430-AF52-9D55D2E5943D}.Release|x86.Build.0 = Release|Any CPU
		{81CB82C1-55BD-4530-84F9-F4B606A45425}.Debug|Any CPU.ActiveCfg = Debug|Any CPU
		{81CB82C1-55BD-4530-84F9-F4B606A45425}.Debug|Any CPU.Build.0 = Debug|Any CPU
		{81CB82C1-55BD-4530-84F9-F4B606A45425}.Debug|x64.ActiveCfg = Debug|Any CPU
		{81CB82C1-55BD-4530-84F9-F4B606A45425}.Debug|x64.Build.0 = Debug|Any CPU
		{81CB82C1-55BD-4530-84F9-F4B606A45425}.Debug|x86.ActiveCfg = Debug|Any CPU
		{81CB82C1-55BD-4530-84F9-F4B606A45425}.Debug|x86.Build.0 = Debug|Any CPU
		{81CB82C1-55BD-4530-84F9-F4B606A45425}.Release|Any CPU.ActiveCfg = Release|Any CPU
		{81CB82C1-55BD-4530-84F9-F4B606A45425}.Release|Any CPU.Build.0 = Release|Any CPU
		{81CB82C1-55BD-4530-84F9-F4B606A45425}.Release|x64.ActiveCfg = Release|Any CPU
		{81CB82C1-55BD-4530-84F9-F4B606A45425}.Release|x64.Build.0 = Release|Any CPU
		{81CB82C1-55BD-4530-84F9-F4B606A45425}.Release|x86.ActiveCfg = Release|Any CPU
		{81CB82C1-55BD-4530-84F9-F4B606A45425}.Release|x86.Build.0 = Release|Any CPU
		{869EC8D6-2C42-44ED-8BFC-AC729CBCDCFC}.Debug|Any CPU.ActiveCfg = Debug|Any CPU
		{869EC8D6-2C42-44ED-8BFC-AC729CBCDCFC}.Debug|Any CPU.Build.0 = Debug|Any CPU
		{869EC8D6-2C42-44ED-8BFC-AC729CBCDCFC}.Debug|x64.ActiveCfg = Debug|Any CPU
		{869EC8D6-2C42-44ED-8BFC-AC729CBCDCFC}.Debug|x64.Build.0 = Debug|Any CPU
		{869EC8D6-2C42-44ED-8BFC-AC729CBCDCFC}.Debug|x86.ActiveCfg = Debug|Any CPU
		{869EC8D6-2C42-44ED-8BFC-AC729CBCDCFC}.Debug|x86.Build.0 = Debug|Any CPU
		{869EC8D6-2C42-44ED-8BFC-AC729CBCDCFC}.Release|Any CPU.ActiveCfg = Release|Any CPU
		{869EC8D6-2C42-44ED-8BFC-AC729CBCDCFC}.Release|Any CPU.Build.0 = Release|Any CPU
		{869EC8D6-2C42-44ED-8BFC-AC729CBCDCFC}.Release|x64.ActiveCfg = Release|Any CPU
		{869EC8D6-2C42-44ED-8BFC-AC729CBCDCFC}.Release|x64.Build.0 = Release|Any CPU
		{869EC8D6-2C42-44ED-8BFC-AC729CBCDCFC}.Release|x86.ActiveCfg = Release|Any CPU
		{869EC8D6-2C42-44ED-8BFC-AC729CBCDCFC}.Release|x86.Build.0 = Release|Any CPU
		{923709EE-4814-45B3-8ECE-DEEFA4D5A975}.Debug|Any CPU.ActiveCfg = Debug|Any CPU
		{923709EE-4814-45B3-8ECE-DEEFA4D5A975}.Debug|Any CPU.Build.0 = Debug|Any CPU
		{923709EE-4814-45B3-8ECE-DEEFA4D5A975}.Debug|x64.ActiveCfg = Debug|Any CPU
		{923709EE-4814-45B3-8ECE-DEEFA4D5A975}.Debug|x64.Build.0 = Debug|Any CPU
		{923709EE-4814-45B3-8ECE-DEEFA4D5A975}.Debug|x86.ActiveCfg = Debug|Any CPU
		{923709EE-4814-45B3-8ECE-DEEFA4D5A975}.Debug|x86.Build.0 = Debug|Any CPU
		{923709EE-4814-45B3-8ECE-DEEFA4D5A975}.Release|Any CPU.ActiveCfg = Release|Any CPU
		{923709EE-4814-45B3-8ECE-DEEFA4D5A975}.Release|Any CPU.Build.0 = Release|Any CPU
		{923709EE-4814-45B3-8ECE-DEEFA4D5A975}.Release|x64.ActiveCfg = Release|Any CPU
		{923709EE-4814-45B3-8ECE-DEEFA4D5A975}.Release|x64.Build.0 = Release|Any CPU
		{923709EE-4814-45B3-8ECE-DEEFA4D5A975}.Release|x86.ActiveCfg = Release|Any CPU
		{923709EE-4814-45B3-8ECE-DEEFA4D5A975}.Release|x86.Build.0 = Release|Any CPU
		{64BBECE9-7B7F-43B9-9412-0EB7AE6D8DAA}.Debug|Any CPU.ActiveCfg = Debug|Any CPU
		{64BBECE9-7B7F-43B9-9412-0EB7AE6D8DAA}.Debug|Any CPU.Build.0 = Debug|Any CPU
		{64BBECE9-7B7F-43B9-9412-0EB7AE6D8DAA}.Debug|x64.ActiveCfg = Debug|Any CPU
		{64BBECE9-7B7F-43B9-9412-0EB7AE6D8DAA}.Debug|x64.Build.0 = Debug|Any CPU
		{64BBECE9-7B7F-43B9-9412-0EB7AE6D8DAA}.Debug|x86.ActiveCfg = Debug|Any CPU
		{64BBECE9-7B7F-43B9-9412-0EB7AE6D8DAA}.Debug|x86.Build.0 = Debug|Any CPU
		{64BBECE9-7B7F-43B9-9412-0EB7AE6D8DAA}.Release|Any CPU.ActiveCfg = Release|Any CPU
		{64BBECE9-7B7F-43B9-9412-0EB7AE6D8DAA}.Release|Any CPU.Build.0 = Release|Any CPU
		{64BBECE9-7B7F-43B9-9412-0EB7AE6D8DAA}.Release|x64.ActiveCfg = Release|Any CPU
		{64BBECE9-7B7F-43B9-9412-0EB7AE6D8DAA}.Release|x64.Build.0 = Release|Any CPU
		{64BBECE9-7B7F-43B9-9412-0EB7AE6D8DAA}.Release|x86.ActiveCfg = Release|Any CPU
		{64BBECE9-7B7F-43B9-9412-0EB7AE6D8DAA}.Release|x86.Build.0 = Release|Any CPU
		{0E713BA5-5DC3-439F-80B7-B1A20DC9BAFA}.Debug|Any CPU.ActiveCfg = Debug|Any CPU
		{0E713BA5-5DC3-439F-80B7-B1A20DC9BAFA}.Debug|Any CPU.Build.0 = Debug|Any CPU
		{0E713BA5-5DC3-439F-80B7-B1A20DC9BAFA}.Debug|x64.ActiveCfg = Debug|Any CPU
		{0E713BA5-5DC3-439F-80B7-B1A20DC9BAFA}.Debug|x64.Build.0 = Debug|Any CPU
		{0E713BA5-5DC3-439F-80B7-B1A20DC9BAFA}.Debug|x86.ActiveCfg = Debug|Any CPU
		{0E713BA5-5DC3-439F-80B7-B1A20DC9BAFA}.Debug|x86.Build.0 = Debug|Any CPU
		{0E713BA5-5DC3-439F-80B7-B1A20DC9BAFA}.Release|Any CPU.ActiveCfg = Release|Any CPU
		{0E713BA5-5DC3-439F-80B7-B1A20DC9BAFA}.Release|Any CPU.Build.0 = Release|Any CPU
		{0E713BA5-5DC3-439F-80B7-B1A20DC9BAFA}.Release|x64.ActiveCfg = Release|Any CPU
		{0E713BA5-5DC3-439F-80B7-B1A20DC9BAFA}.Release|x64.Build.0 = Release|Any CPU
		{0E713BA5-5DC3-439F-80B7-B1A20DC9BAFA}.Release|x86.ActiveCfg = Release|Any CPU
		{0E713BA5-5DC3-439F-80B7-B1A20DC9BAFA}.Release|x86.Build.0 = Release|Any CPU
		{5EF2C8A4-7F30-401E-B19F-5C71086A9767}.Debug|Any CPU.ActiveCfg = Debug|Any CPU
		{5EF2C8A4-7F30-401E-B19F-5C71086A9767}.Debug|Any CPU.Build.0 = Debug|Any CPU
		{5EF2C8A4-7F30-401E-B19F-5C71086A9767}.Debug|x64.ActiveCfg = Debug|Any CPU
		{5EF2C8A4-7F30-401E-B19F-5C71086A9767}.Debug|x64.Build.0 = Debug|Any CPU
		{5EF2C8A4-7F30-401E-B19F-5C71086A9767}.Debug|x86.ActiveCfg = Debug|Any CPU
		{5EF2C8A4-7F30-401E-B19F-5C71086A9767}.Debug|x86.Build.0 = Debug|Any CPU
		{5EF2C8A4-7F30-401E-B19F-5C71086A9767}.Release|Any CPU.ActiveCfg = Release|Any CPU
		{5EF2C8A4-7F30-401E-B19F-5C71086A9767}.Release|Any CPU.Build.0 = Release|Any CPU
		{5EF2C8A4-7F30-401E-B19F-5C71086A9767}.Release|x64.ActiveCfg = Release|Any CPU
		{5EF2C8A4-7F30-401E-B19F-5C71086A9767}.Release|x64.Build.0 = Release|Any CPU
		{5EF2C8A4-7F30-401E-B19F-5C71086A9767}.Release|x86.ActiveCfg = Release|Any CPU
		{5EF2C8A4-7F30-401E-B19F-5C71086A9767}.Release|x86.Build.0 = Release|Any CPU
		{C5672076-56CE-4421-AF7F-E21C64A642DE}.Debug|Any CPU.ActiveCfg = Debug|Any CPU
		{C5672076-56CE-4421-AF7F-E21C64A642DE}.Debug|Any CPU.Build.0 = Debug|Any CPU
		{C5672076-56CE-4421-AF7F-E21C64A642DE}.Debug|x64.ActiveCfg = Debug|Any CPU
		{C5672076-56CE-4421-AF7F-E21C64A642DE}.Debug|x64.Build.0 = Debug|Any CPU
		{C5672076-56CE-4421-AF7F-E21C64A642DE}.Debug|x86.ActiveCfg = Debug|Any CPU
		{C5672076-56CE-4421-AF7F-E21C64A642DE}.Debug|x86.Build.0 = Debug|Any CPU
		{C5672076-56CE-4421-AF7F-E21C64A642DE}.Release|Any CPU.ActiveCfg = Release|Any CPU
		{C5672076-56CE-4421-AF7F-E21C64A642DE}.Release|Any CPU.Build.0 = Release|Any CPU
		{C5672076-56CE-4421-AF7F-E21C64A642DE}.Release|x64.ActiveCfg = Release|Any CPU
		{C5672076-56CE-4421-AF7F-E21C64A642DE}.Release|x64.Build.0 = Release|Any CPU
		{C5672076-56CE-4421-AF7F-E21C64A642DE}.Release|x86.ActiveCfg = Release|Any CPU
		{C5672076-56CE-4421-AF7F-E21C64A642DE}.Release|x86.Build.0 = Release|Any CPU
		{807DE1BF-A87D-4DAB-9B96-AF97C5F2CDBD}.Debug|Any CPU.ActiveCfg = Debug|Any CPU
		{807DE1BF-A87D-4DAB-9B96-AF97C5F2CDBD}.Debug|Any CPU.Build.0 = Debug|Any CPU
		{807DE1BF-A87D-4DAB-9B96-AF97C5F2CDBD}.Debug|x64.ActiveCfg = Debug|Any CPU
		{807DE1BF-A87D-4DAB-9B96-AF97C5F2CDBD}.Debug|x64.Build.0 = Debug|Any CPU
		{807DE1BF-A87D-4DAB-9B96-AF97C5F2CDBD}.Debug|x86.ActiveCfg = Debug|Any CPU
		{807DE1BF-A87D-4DAB-9B96-AF97C5F2CDBD}.Debug|x86.Build.0 = Debug|Any CPU
		{807DE1BF-A87D-4DAB-9B96-AF97C5F2CDBD}.Release|Any CPU.ActiveCfg = Release|Any CPU
		{807DE1BF-A87D-4DAB-9B96-AF97C5F2CDBD}.Release|Any CPU.Build.0 = Release|Any CPU
		{807DE1BF-A87D-4DAB-9B96-AF97C5F2CDBD}.Release|x64.ActiveCfg = Release|Any CPU
		{807DE1BF-A87D-4DAB-9B96-AF97C5F2CDBD}.Release|x64.Build.0 = Release|Any CPU
		{807DE1BF-A87D-4DAB-9B96-AF97C5F2CDBD}.Release|x86.ActiveCfg = Release|Any CPU
		{807DE1BF-A87D-4DAB-9B96-AF97C5F2CDBD}.Release|x86.Build.0 = Release|Any CPU
		{51DBCD06-A87A-418A-A7E4-A0817507142B}.Debug|Any CPU.ActiveCfg = Debug|Any CPU
		{51DBCD06-A87A-418A-A7E4-A0817507142B}.Debug|Any CPU.Build.0 = Debug|Any CPU
		{51DBCD06-A87A-418A-A7E4-A0817507142B}.Debug|x64.ActiveCfg = Debug|Any CPU
		{51DBCD06-A87A-418A-A7E4-A0817507142B}.Debug|x64.Build.0 = Debug|Any CPU
		{51DBCD06-A87A-418A-A7E4-A0817507142B}.Debug|x86.ActiveCfg = Debug|Any CPU
		{51DBCD06-A87A-418A-A7E4-A0817507142B}.Debug|x86.Build.0 = Debug|Any CPU
		{51DBCD06-A87A-418A-A7E4-A0817507142B}.Release|Any CPU.ActiveCfg = Release|Any CPU
		{51DBCD06-A87A-418A-A7E4-A0817507142B}.Release|Any CPU.Build.0 = Release|Any CPU
		{51DBCD06-A87A-418A-A7E4-A0817507142B}.Release|x64.ActiveCfg = Release|Any CPU
		{51DBCD06-A87A-418A-A7E4-A0817507142B}.Release|x64.Build.0 = Release|Any CPU
		{51DBCD06-A87A-418A-A7E4-A0817507142B}.Release|x86.ActiveCfg = Release|Any CPU
		{51DBCD06-A87A-418A-A7E4-A0817507142B}.Release|x86.Build.0 = Release|Any CPU
		{627E24B3-A156-4ACD-97FF-98C88BBF76A4}.Debug|Any CPU.ActiveCfg = Debug|Any CPU
		{627E24B3-A156-4ACD-97FF-98C88BBF76A4}.Debug|Any CPU.Build.0 = Debug|Any CPU
		{627E24B3-A156-4ACD-97FF-98C88BBF76A4}.Debug|x64.ActiveCfg = Debug|Any CPU
		{627E24B3-A156-4ACD-97FF-98C88BBF76A4}.Debug|x64.Build.0 = Debug|Any CPU
		{627E24B3-A156-4ACD-97FF-98C88BBF76A4}.Debug|x86.ActiveCfg = Debug|Any CPU
		{627E24B3-A156-4ACD-97FF-98C88BBF76A4}.Debug|x86.Build.0 = Debug|Any CPU
		{627E24B3-A156-4ACD-97FF-98C88BBF76A4}.Release|Any CPU.ActiveCfg = Release|Any CPU
		{627E24B3-A156-4ACD-97FF-98C88BBF76A4}.Release|Any CPU.Build.0 = Release|Any CPU
		{627E24B3-A156-4ACD-97FF-98C88BBF76A4}.Release|x64.ActiveCfg = Release|Any CPU
		{627E24B3-A156-4ACD-97FF-98C88BBF76A4}.Release|x64.Build.0 = Release|Any CPU
		{627E24B3-A156-4ACD-97FF-98C88BBF76A4}.Release|x86.ActiveCfg = Release|Any CPU
		{627E24B3-A156-4ACD-97FF-98C88BBF76A4}.Release|x86.Build.0 = Release|Any CPU
		{679F2E66-A366-4D7A-A43A-2696CB4B1B55}.Debug|Any CPU.ActiveCfg = Debug|Any CPU
		{679F2E66-A366-4D7A-A43A-2696CB4B1B55}.Debug|Any CPU.Build.0 = Debug|Any CPU
		{679F2E66-A366-4D7A-A43A-2696CB4B1B55}.Debug|x64.ActiveCfg = Debug|Any CPU
		{679F2E66-A366-4D7A-A43A-2696CB4B1B55}.Debug|x64.Build.0 = Debug|Any CPU
		{679F2E66-A366-4D7A-A43A-2696CB4B1B55}.Debug|x86.ActiveCfg = Debug|Any CPU
		{679F2E66-A366-4D7A-A43A-2696CB4B1B55}.Debug|x86.Build.0 = Debug|Any CPU
		{679F2E66-A366-4D7A-A43A-2696CB4B1B55}.Release|Any CPU.ActiveCfg = Release|Any CPU
		{679F2E66-A366-4D7A-A43A-2696CB4B1B55}.Release|Any CPU.Build.0 = Release|Any CPU
		{679F2E66-A366-4D7A-A43A-2696CB4B1B55}.Release|x64.ActiveCfg = Release|Any CPU
		{679F2E66-A366-4D7A-A43A-2696CB4B1B55}.Release|x64.Build.0 = Release|Any CPU
		{679F2E66-A366-4D7A-A43A-2696CB4B1B55}.Release|x86.ActiveCfg = Release|Any CPU
		{679F2E66-A366-4D7A-A43A-2696CB4B1B55}.Release|x86.Build.0 = Release|Any CPU
	EndGlobalSection
	GlobalSection(SolutionProperties) = preSolution
		HideSolutionNode = FALSE
	EndGlobalSection
	GlobalSection(NestedProjects) = preSolution
		{F9C90895-0398-4246-A0CA-525EC0589D6F} = {9C56C1FC-E865-4BA9-98C3-4564B99E6F99}
		{948D248C-2ADE-48A4-B5B0-EC95AF4DEE14} = {9C56C1FC-E865-4BA9-98C3-4564B99E6F99}
		{5690BDCF-1E8D-4F18-8E4D-93108D70E596} = {9C56C1FC-E865-4BA9-98C3-4564B99E6F99}
		{48282DCA-1A39-4CD5-AA88-35C926EBA3B9} = {9C56C1FC-E865-4BA9-98C3-4564B99E6F99}
		{E98134E8-4C8F-41D8-A275-BC193B0B6BFC} = {C2CF01BC-478A-4C2D-BBE8-10F22DCF0C54}
		{271CAAE3-256E-4633-9886-47995A57942E} = {C2CF01BC-478A-4C2D-BBE8-10F22DCF0C54}
		{1A7E8798-5ACB-4AE9-A4C1-7253C75647E2} = {C2CF01BC-478A-4C2D-BBE8-10F22DCF0C54}
		{0FC64702-D3FF-405A-B7F6-09B37C42DA58} = {9C56C1FC-E865-4BA9-98C3-4564B99E6F99}
		{851430EC-8363-4887-AA8E-184027F329F8} = {9C56C1FC-E865-4BA9-98C3-4564B99E6F99}
		{2A49B426-68F9-4962-9AF4-2FA8CF42BDBA} = {C2CF01BC-478A-4C2D-BBE8-10F22DCF0C54}
		{9C2D4E5F-6A7B-8C9D-0E1F-2A3B4C5D6E7F} = {C2CF01BC-478A-4C2D-BBE8-10F22DCF0C54}
		{12526B41-B752-41AD-9F66-81C60EE17146} = {9C56C1FC-E865-4BA9-98C3-4564B99E6F99}
		{31EB0487-A175-4528-BA77-1CA03F83526E} = {9C56C1FC-E865-4BA9-98C3-4564B99E6F99}
		{8A7D3F12-9B8E-4C21-A6F5-3D4E5F6A7B8C} = {9C56C1FC-E865-4BA9-98C3-4564B99E6F99}
		{1056C931-0D3D-430C-9BB0-581942471391} = {9C56C1FC-E865-4BA9-98C3-4564B99E6F99}
		{CE0B486A-D0CB-4AAC-AA9A-D894E6386F40} = {9C56C1FC-E865-4BA9-98C3-4564B99E6F99}
		{AC93392A-37BA-4408-A203-CDCD85C0384F} = {9C56C1FC-E865-4BA9-98C3-4564B99E6F99}
		{8C3828E9-B976-438E-B219-C893BC1BBE57} = {9C56C1FC-E865-4BA9-98C3-4564B99E6F99}
		{EF3830D0-C945-4D4E-990E-E58275041404} = {9C56C1FC-E865-4BA9-98C3-4564B99E6F99}
		{12896B61-0813-4518-ACDD-BCA8E3AAB4D5} = {C2CF01BC-478A-4C2D-BBE8-10F22DCF0C54}
		{89EBA535-C29D-4A9B-857F-2C7F323BD827} = {C2CF01BC-478A-4C2D-BBE8-10F22DCF0C54}
		{05C726CC-6B7E-42D9-8EE4-FF51232FD873} = {C2CF01BC-478A-4C2D-BBE8-10F22DCF0C54}
		{1BC2014A-6FA7-4654-9009-D279FD8F6F12} = {C2CF01BC-478A-4C2D-BBE8-10F22DCF0C54}
		{7907C8A7-57DC-426E-8203-87C438767395} = {9C56C1FC-E865-4BA9-98C3-4564B99E6F99}
		{8C1A25EF-729D-4F0D-B554-494F6B4BAC90} = {9C56C1FC-E865-4BA9-98C3-4564B99E6F99}
		{67B1852A-59A5-4509-AFBF-387A4F2B7393} = {9C56C1FC-E865-4BA9-98C3-4564B99E6F99}
		{664C0BAA-5A83-4261-B46B-5396E9441C6B} = {9C56C1FC-E865-4BA9-98C3-4564B99E6F99}
		{F875283E-8FA1-4472-8452-FF9CF530C9FE} = {9C56C1FC-E865-4BA9-98C3-4564B99E6F99}
		{1E57ABB3-4512-489D-911E-1438759C63B2} = {C2CF01BC-478A-4C2D-BBE8-10F22DCF0C54}
		{7175F6F9-2654-4078-982D-B5DDE507F341} = {C75863E3-AAEE-4EEB-B296-F6F1D9F92AB1}
		{F27214F9-8901-41B5-BFBC-B5654B722CCC} = {C75863E3-AAEE-4EEB-B296-F6F1D9F92AB1}
		{B98EBC57-2F0E-4ACF-BFC2-C651ACAC75AC} = {C75863E3-AAEE-4EEB-B296-F6F1D9F92AB1}
		{65B8A4FD-2BB8-4607-918D-F427A73EDA46} = {C75863E3-AAEE-4EEB-B296-F6F1D9F92AB1}
		{7E5291C7-C4FC-4678-B500-5BEC8A8845DD} = {C75863E3-AAEE-4EEB-B296-F6F1D9F92AB1}
		{86B58C5E-FA7F-4D06-A78E-B65AEE929E27} = {C75863E3-AAEE-4EEB-B296-F6F1D9F92AB1}
		{70219BC0-271B-46A7-BEF9-2CED57D92F12} = {C75863E3-AAEE-4EEB-B296-F6F1D9F92AB1}
		{A8833DBC-5550-435C-9EB3-2C2ACE7C6333} = {C75863E3-AAEE-4EEB-B296-F6F1D9F92AB1}
		{9B471FFF-508D-4DA3-98D4-B519C89420ED} = {9C56C1FC-E865-4BA9-98C3-4564B99E6F99}
		{EE9F3F1E-BF43-4430-AF52-9D55D2E5943D} = {C2CF01BC-478A-4C2D-BBE8-10F22DCF0C54}
		{81CB82C1-55BD-4530-84F9-F4B606A45425} = {9C56C1FC-E865-4BA9-98C3-4564B99E6F99}
		{869EC8D6-2C42-44ED-8BFC-AC729CBCDCFC} = {C2CF01BC-478A-4C2D-BBE8-10F22DCF0C54}
		{923709EE-4814-45B3-8ECE-DEEFA4D5A975} = {9C56C1FC-E865-4BA9-98C3-4564B99E6F99}
		{64BBECE9-7B7F-43B9-9412-0EB7AE6D8DAA} = {9C56C1FC-E865-4BA9-98C3-4564B99E6F99}
		{0E713BA5-5DC3-439F-80B7-B1A20DC9BAFA} = {C2CF01BC-478A-4C2D-BBE8-10F22DCF0C54}
		{5EF2C8A4-7F30-401E-B19F-5C71086A9767} = {C2CF01BC-478A-4C2D-BBE8-10F22DCF0C54}
		{C5672076-56CE-4421-AF7F-E21C64A642DE} = {9C56C1FC-E865-4BA9-98C3-4564B99E6F99}
		{807DE1BF-A87D-4DAB-9B96-AF97C5F2CDBD} = {C2CF01BC-478A-4C2D-BBE8-10F22DCF0C54}
		{51DBCD06-A87A-418A-A7E4-A0817507142B} = {C2CF01BC-478A-4C2D-BBE8-10F22DCF0C54}
		{627E24B3-A156-4ACD-97FF-98C88BBF76A4} = {C2CF01BC-478A-4C2D-BBE8-10F22DCF0C54}
		{679F2E66-A366-4D7A-A43A-2696CB4B1B55} = {9C56C1FC-E865-4BA9-98C3-4564B99E6F99}
	EndGlobalSection
EndGlobal
